Microsoft Visual Studio Solution File, Format Version 12.00
# Visual Studio 2013
VisualStudioVersion = 12.0.40629.0
MinimumVisualStudioVersion = 10.0.40219.1
Project("{F184B08F-C81C-45F6-A57F-5ABD9991F28F}") = "Common", "Common\Common.vbproj", "{9405B1BF-72C2-4A3C-BDB5-44956B723670}"
EndProject
Project("{F184B08F-C81C-45F6-A57F-5ABD9991F28F}") = "CustomControls", "CustomControls\CustomControls.vbproj", "{EBE0EADC-F5A6-4EAF-B395-127B0EDF82F7}"
EndProject
Project("{F184B08F-C81C-45F6-A57F-5ABD9991F28F}") = "HCSP", "HCSP\HCSP.vbproj", "{0B44C732-D4D3-4A00-95C8-298D21BB656D}"
EndProject
Project("{F184B08F-C81C-45F6-A57F-5ABD9991F28F}") = "HCVU", "HCVU\HCVU.vbproj", "{2F37A4CD-9005-4CE6-B01E-CAF243A0B354}"
EndProject
Project("{F184B08F-C81C-45F6-A57F-5ABD9991F28F}") = "ImmDValidation", "ImmDValidation\ImmDValidation.vbproj", "{7093B7DA-2E16-4D8B-AF14-663AB293F5BB}"
EndProject
Project("{F184B08F-C81C-45F6-A57F-5ABD9991F28F}") = "eForm", "eForm\eForm.vbproj", "{BA70CBA2-7085-43DC-A493-4AA48030ED88}"
EndProject
Project("{F184B08F-C81C-45F6-A57F-5ABD9991F28F}") = "WebControlCaptcha", "WebControlCaptcha\WebControlCaptcha.vbproj", "{03D1C790-162A-4AC0-B33B-634B263C0A63}"
EndProject
Project("{F184B08F-C81C-45F6-A57F-5ABD9991F28F}") = "VoucherBalanceEnquiry", "VoucherBalanceEnquiry\VoucherBalanceEnquiry.vbproj", "{30D5DC0F-1DDA-4BB9-9898-B184E3A010C9}"
EndProject
Project("{F184B08F-C81C-45F6-A57F-5ABD9991F28F}") = "ServiceDirectory", "ServiceDirectory\ServiceDirectory.vbproj", "{B51EEEF9-B767-426E-83E5-AEA7EA83329C}"
EndProject
Project("{F184B08F-C81C-45F6-A57F-5ABD9991F28F}") = "SSODAL", "SSODAL\SSODAL.vbproj", "{3CE13D02-372D-49F8-B377-23FE4B538A87}"
EndProject
Project("{F184B08F-C81C-45F6-A57F-5ABD9991F28F}") = "SSODataType", "SSODataType\SSODataType.vbproj", "{E65E8A79-91F8-4DDD-8B33-8F9DFAD82736}"
EndProject
Project("{F184B08F-C81C-45F6-A57F-5ABD9991F28F}") = "SSOLib", "SSOLib\SSOLib.vbproj", "{CBDD772E-5452-4A30-B683-3F59D4CD6C2C}"
EndProject
Project("{F184B08F-C81C-45F6-A57F-5ABD9991F28F}") = "SSOUtil", "SSOUtil\SSOUtil.vbproj", "{DA1C6063-9549-4914-9A85-5586406BD7E6}"
EndProject
Project("{F184B08F-C81C-45F6-A57F-5ABD9991F28F}") = "UtilizationStat", "UtilizationStat\UtilizationStat.vbproj", "{EC271408-FFFC-46F7-91C7-A84E0631CEAB}"
EndProject
Project("{F184B08F-C81C-45F6-A57F-5ABD9991F28F}") = "ExtractFiles", "ExtractFiles\ExtractFiles.vbproj", "{5EE99FE9-7922-4C82-B63B-82BCAE67AD5D}"
EndProject
Project("{F184B08F-C81C-45F6-A57F-5ABD9991F28F}") = "InternetMail", "InternetMail\InternetMail.vbproj", "{5222B917-48CB-40CD-AE1B-D47CE1DDE842}"
EndProject
Project("{F184B08F-C81C-45F6-A57F-5ABD9991F28F}") = "InterfaceWS", "InterfaceWS\InterfaceWS.vbproj", "{33A121A2-CE6D-4130-A553-FFEB2B799348}"
EndProject
Project("{F184B08F-C81C-45F6-A57F-5ABD9991F28F}") = "ExcelGenerator", "ExcelGenerator\ExcelGenerator.vbproj", "{5DDA2213-996E-4DFE-AEC5-B22158977EFB}"
EndProject
Project("{F184B08F-C81C-45F6-A57F-5ABD9991F28F}") = "DailyZipGenerator", "DailyZipGenerator\DailyZipGenerator.vbproj", "{B5662C5F-8103-4BAF-91C8-DD67475BA215}"
EndProject
Project("{F184B08F-C81C-45F6-A57F-5ABD9991F28F}") = "VoucherStatPreparation", "VoucherStatPreparation\VoucherStatPreparation.vbproj", "{D891C4E5-5407-4D04-8984-445604CBCE7A}"
EndProject
Project("{F184B08F-C81C-45F6-A57F-5ABD9991F28F}") = "CMSHealthCheck", "CMSHealthCheck\CMSHealthCheck.vbproj", "{2EB49AE1-E9F5-48F1-BAE6-F3728310E6ED}"
EndProject
Project("{F184B08F-C81C-45F6-A57F-5ABD9991F28F}") = "CMSLogMonitor", "CMSLogMonitor\CMSLogMonitor.vbproj", "{DF3D7D04-8403-4632-B894-159C36347BE4}"
EndProject
Project("{F184B08F-C81C-45F6-A57F-5ABD9991F28F}") = "CommonScheduleJob", "CommonScheduleJob\CommonScheduleJob.vbproj", "{CF933215-594E-46B7-8E23-04EBAF254377}"
EndProject
Project("{F184B08F-C81C-45F6-A57F-5ABD9991F28F}") = "ConfigDispatcher", "ConfigDispatcher\ConfigDispatcher.vbproj", "{02921080-1E48-4FF9-86F7-CCB9276E77D5}"
EndProject
Project("{F184B08F-C81C-45F6-A57F-5ABD9991F28F}") = "ClearCache", "ClearCache\ClearCache.vbproj", "{814D45D4-8234-4235-806D-6AA539EF8D6B}"
EndProject
Project("{F184B08F-C81C-45F6-A57F-5ABD9991F28F}") = "DeathRecordMatching", "DeathRecordMatching\DeathRecordMatching.vbproj", "{3880B01C-E1C4-477C-8D77-B8BEC04ACE6A}"
EndProject
Project("{F184B08F-C81C-45F6-A57F-5ABD9991F28F}") = "Common.PCD", "Common.PCD\Common.PCD.vbproj", "{C77201B9-E809-4CAE-8A03-48CEE3F4BAD1}"
EndProject
Project("{F184B08F-C81C-45F6-A57F-5ABD9991F28F}") = "ThirdPartyScheduleJob", "ThirdPartyScheduleJob\ThirdPartyScheduleJob.vbproj", "{369ABA44-6510-4BE8-9082-28ED05109B8E}"
EndProject
Project("{F184B08F-C81C-45F6-A57F-5ABD9991F28F}") = "TestWSforPCD", "TestWSforPCD\TestWSforPCD.vbproj", "{A2106A20-653B-4B21-AB9B-E4A05F44276D}"
EndProject
Project("{F184B08F-C81C-45F6-A57F-5ABD9991F28F}") = "SentOutMessage", "SentOutMessage\SentOutMessage.vbproj", "{E2FCC484-4431-4B54-985A-ECDD6BA9E08F}"
EndProject
Project("{F184B08F-C81C-45F6-A57F-5ABD9991F28F}") = "TextGenerator", "TextGenerator\TextGenerator.vbproj", "{97631D7B-FEB5-41C3-8B02-91C03BFA33DD}"
EndProject
Project("{F184B08F-C81C-45F6-A57F-5ABD9991F28F}") = "CMSVaccinationWebServiceEmulator", "CMSVaccinationWebServiceEmulator\CMSVaccinationWebServiceEmulator.vbproj", "{D9AA8BD5-73D9-4B1C-A2B2-C574225EC8FA}"
EndProject
Project("{F184B08F-C81C-45F6-A57F-5ABD9991F28F}") = "VerifierIDEAS", "VerifierIDEAS\VerifierIDEAS.vbproj", "{CFB9BCD1-AB8F-4F93-8F3F-ECF547CBD6ED}"
EndProject
Project("{F184B08F-C81C-45F6-A57F-5ABD9991F28F}") = "SubsidizeWriteOffGenerator", "SubsidizeWriteOffGenerator\SubsidizeWriteOffGenerator.vbproj", "{039084A2-6BE6-4B06-AD2E-AD882B70A9D6}"
EndProject
Project("{8BC9CEB8-8B4A-11D0-8D11-00A0C91BC942}") = "RSAAuthAgent", "RSAAuthAgent\RSAAuthAgent.vcxproj", "{D9DD3B39-BD89-412B-98A3-C62640D3EDCE}"
EndProject
Project("{F184B08F-C81C-45F6-A57F-5ABD9991F28F}") = "RSAAuthManager", "RSAAuthManager\RSAAuthManager.vbproj", "{AA01AC03-4530-4719-AF86-42A39F7487E7}"
EndProject
Project("{F184B08F-C81C-45F6-A57F-5ABD9991F28F}") = "TempVRAcct4LevelAlert", "TempVRAcct4LevelAlert\TempVRAcct4LevelAlert.vbproj", "{9E71C966-9ABA-496A-9697-0E9B570CDA96}"
EndProject
Project("{F184B08F-C81C-45F6-A57F-5ABD9991F28F}") = "EHSVaccinationTester", "EHSVaccinationTester\EHSVaccinationTester.vbproj", "{F742B062-6128-4537-BB6B-B472427966DB}"
EndProject
Project("{F184B08F-C81C-45F6-A57F-5ABD9991F28F}") = "RSAWebService", "RSAWebService\RSAWebService.vbproj", "{BC9B0A3C-E117-438D-9EE6-DDAA62314654}"
EndProject
Project("{F184B08F-C81C-45F6-A57F-5ABD9991F28F}") = "RSAVerifyMigrationData", "RSAVerifyMigrationData\RSAVerifyMigrationData.vbproj", "{4EF92951-10E5-4F63-91BD-E69C53EBC42F}"
EndProject
Project("{F184B08F-C81C-45F6-A57F-5ABD9991F28F}") = "DrillLogWriter", "DrillLogWriter\DrillLogWriter.vbproj", "{FDE745F3-79B4-4F9C-829B-B6AE388EF24E}"
EndProject
Project("{F184B08F-C81C-45F6-A57F-5ABD9991F28F}") = "eHRIntegration", "eHRIntegration\eHRIntegration.vbproj", "{08950175-F6A0-4758-992F-56E85D77ACE8}"
EndProject
Project("{F184B08F-C81C-45F6-A57F-5ABD9991F28F}") = "eHRIntegrationTester", "eHRIntegrationTester\eHRIntegrationTester.vbproj", "{5B02325A-0066-4E41-AE0A-F97863E66305}"
	ProjectSection(ProjectDependencies) = postProject
		{08950175-F6A0-4758-992F-56E85D77ACE8} = {08950175-F6A0-4758-992F-56E85D77ACE8}
	EndProjectSection
EndProject
Project("{F184B08F-C81C-45F6-A57F-5ABD9991F28F}") = "Common.eHRIntegration", "Common.eHRIntegration\Common.eHRIntegration.vbproj", "{A096AA76-6ACF-4117-80E1-B7ABAF11ED26}"
EndProject
Project("{F184B08F-C81C-45F6-A57F-5ABD9991F28F}") = "TokenNotification", "TokenNotification\TokenNotification.vbproj", "{31AAFF1D-9408-4785-8E7F-B4EA1D6922F8}"
EndProject
Project("{F184B08F-C81C-45F6-A57F-5ABD9991F28F}") = "CIMSVaccinationWebServiceEmulator", "CIMSVaccinationWebServiceEmulator\CIMSVaccinationWebServiceEmulator.vbproj", "{51998D95-C45C-4420-9FE5-D1DCA4F13C3D}"
EndProject
Project("{F184B08F-C81C-45F6-A57F-5ABD9991F28F}") = "PCDStatusUpdater", "PCDStatusUpdater\PCDStatusUpdater.vbproj", "{7383169B-C479-4031-908B-905C9AD5E35C}"
EndProject
Project("{F184B08F-C81C-45F6-A57F-5ABD9991F28F}") = "StudentFileChecking", "StudentFileChecking\StudentFileChecking.vbproj", "{BFA19DD8-2623-422A-90FD-DB1FA68558C6}"
EndProject
Project("{F184B08F-C81C-45F6-A57F-5ABD9991F28F}") = "StudentAccountMatching", "StudentAccountMatching\StudentAccountMatching.vbproj", "{9FE27532-C45A-466B-9B1C-607D5BC11CDF}"
EndProject
Project("{F184B08F-C81C-45F6-A57F-5ABD9991F28F}") = "Common.OCSSS", "Common.OCSSS\Common.OCSSS.vbproj", "{1FCAB446-D1E7-4ECB-972B-F7A476A668F2}"
EndProject
Project("{F184B08F-C81C-45F6-A57F-5ABD9991F28F}") = "OCSSSTester", "OCSSSTester\OCSSSTester.vbproj", "{EFB632AA-1E89-4CD6-B9F0-2BF096EB34A7}"
EndProject
Project("{F184B08F-C81C-45F6-A57F-5ABD9991F28F}") = "Public", "Public\Public.vbproj", "{A5768271-B18C-44D1-80F2-786575A29F3E}"
EndProject
Project("{F184B08F-C81C-45F6-A57F-5ABD9991F28F}") = "GenCaptchaSpeechApi", "GenCaptchaSpeechApi\GenCaptchaSpeechApi.vbproj", "{3EC3AC91-FD99-4222-88A3-A5398B0BA33E}"
EndProject
Global
	GlobalSection(SolutionConfigurationPlatforms) = preSolution
		Debug|Any CPU = Debug|Any CPU
		Debug|Mixed Platforms = Debug|Mixed Platforms
		Debug|Win32 = Debug|Win32
		Release|Any CPU = Release|Any CPU
		Release|Mixed Platforms = Release|Mixed Platforms
		Release|Win32 = Release|Win32
	EndGlobalSection
	GlobalSection(ProjectConfigurationPlatforms) = postSolution
		{9405B1BF-72C2-4A3C-BDB5-44956B723670}.Debug|Any CPU.ActiveCfg = Debug|Any CPU
		{9405B1BF-72C2-4A3C-BDB5-44956B723670}.Debug|Any CPU.Build.0 = Debug|Any CPU
		{9405B1BF-72C2-4A3C-BDB5-44956B723670}.Debug|Mixed Platforms.ActiveCfg = Debug|Any CPU
		{9405B1BF-72C2-4A3C-BDB5-44956B723670}.Debug|Mixed Platforms.Build.0 = Debug|Any CPU
		{9405B1BF-72C2-4A3C-BDB5-44956B723670}.Debug|Win32.ActiveCfg = Debug|Any CPU
		{9405B1BF-72C2-4A3C-BDB5-44956B723670}.Release|Any CPU.ActiveCfg = Release|Any CPU
		{9405B1BF-72C2-4A3C-BDB5-44956B723670}.Release|Any CPU.Build.0 = Release|Any CPU
		{9405B1BF-72C2-4A3C-BDB5-44956B723670}.Release|Mixed Platforms.ActiveCfg = Release|Any CPU
		{9405B1BF-72C2-4A3C-BDB5-44956B723670}.Release|Mixed Platforms.Build.0 = Release|Any CPU
		{9405B1BF-72C2-4A3C-BDB5-44956B723670}.Release|Win32.ActiveCfg = Release|Any CPU
		{EBE0EADC-F5A6-4EAF-B395-127B0EDF82F7}.Debug|Any CPU.ActiveCfg = Debug|Any CPU
		{EBE0EADC-F5A6-4EAF-B395-127B0EDF82F7}.Debug|Any CPU.Build.0 = Debug|Any CPU
		{EBE0EADC-F5A6-4EAF-B395-127B0EDF82F7}.Debug|Mixed Platforms.ActiveCfg = Debug|Any CPU
		{EBE0EADC-F5A6-4EAF-B395-127B0EDF82F7}.Debug|Mixed Platforms.Build.0 = Debug|Any CPU
		{EBE0EADC-F5A6-4EAF-B395-127B0EDF82F7}.Debug|Win32.ActiveCfg = Debug|Any CPU
		{EBE0EADC-F5A6-4EAF-B395-127B0EDF82F7}.Release|Any CPU.ActiveCfg = Release|Any CPU
		{EBE0EADC-F5A6-4EAF-B395-127B0EDF82F7}.Release|Any CPU.Build.0 = Release|Any CPU
		{EBE0EADC-F5A6-4EAF-B395-127B0EDF82F7}.Release|Mixed Platforms.ActiveCfg = Release|Any CPU
		{EBE0EADC-F5A6-4EAF-B395-127B0EDF82F7}.Release|Mixed Platforms.Build.0 = Release|Any CPU
		{EBE0EADC-F5A6-4EAF-B395-127B0EDF82F7}.Release|Win32.ActiveCfg = Release|Any CPU
		{0B44C732-D4D3-4A00-95C8-298D21BB656D}.Debug|Any CPU.ActiveCfg = Debug|Any CPU
		{0B44C732-D4D3-4A00-95C8-298D21BB656D}.Debug|Any CPU.Build.0 = Debug|Any CPU
		{0B44C732-D4D3-4A00-95C8-298D21BB656D}.Debug|Mixed Platforms.ActiveCfg = Debug|Any CPU
		{0B44C732-D4D3-4A00-95C8-298D21BB656D}.Debug|Mixed Platforms.Build.0 = Debug|Any CPU
		{0B44C732-D4D3-4A00-95C8-298D21BB656D}.Debug|Win32.ActiveCfg = Debug|Any CPU
		{0B44C732-D4D3-4A00-95C8-298D21BB656D}.Release|Any CPU.ActiveCfg = Release|Any CPU
		{0B44C732-D4D3-4A00-95C8-298D21BB656D}.Release|Any CPU.Build.0 = Release|Any CPU
		{0B44C732-D4D3-4A00-95C8-298D21BB656D}.Release|Mixed Platforms.ActiveCfg = Release|Any CPU
		{0B44C732-D4D3-4A00-95C8-298D21BB656D}.Release|Mixed Platforms.Build.0 = Release|Any CPU
		{0B44C732-D4D3-4A00-95C8-298D21BB656D}.Release|Win32.ActiveCfg = Release|Any CPU
		{2F37A4CD-9005-4CE6-B01E-CAF243A0B354}.Debug|Any CPU.ActiveCfg = Debug|Any CPU
		{2F37A4CD-9005-4CE6-B01E-CAF243A0B354}.Debug|Any CPU.Build.0 = Debug|Any CPU
		{2F37A4CD-9005-4CE6-B01E-CAF243A0B354}.Debug|Mixed Platforms.ActiveCfg = Debug|Any CPU
		{2F37A4CD-9005-4CE6-B01E-CAF243A0B354}.Debug|Mixed Platforms.Build.0 = Debug|Any CPU
		{2F37A4CD-9005-4CE6-B01E-CAF243A0B354}.Debug|Win32.ActiveCfg = Debug|Any CPU
		{2F37A4CD-9005-4CE6-B01E-CAF243A0B354}.Release|Any CPU.ActiveCfg = Release|Any CPU
		{2F37A4CD-9005-4CE6-B01E-CAF243A0B354}.Release|Any CPU.Build.0 = Release|Any CPU
		{2F37A4CD-9005-4CE6-B01E-CAF243A0B354}.Release|Mixed Platforms.ActiveCfg = Release|Any CPU
		{2F37A4CD-9005-4CE6-B01E-CAF243A0B354}.Release|Mixed Platforms.Build.0 = Release|Any CPU
		{2F37A4CD-9005-4CE6-B01E-CAF243A0B354}.Release|Win32.ActiveCfg = Release|Any CPU
		{7093B7DA-2E16-4D8B-AF14-663AB293F5BB}.Debug|Any CPU.ActiveCfg = Debug|Any CPU
		{7093B7DA-2E16-4D8B-AF14-663AB293F5BB}.Debug|Any CPU.Build.0 = Debug|Any CPU
		{7093B7DA-2E16-4D8B-AF14-663AB293F5BB}.Debug|Mixed Platforms.ActiveCfg = Debug|Any CPU
		{7093B7DA-2E16-4D8B-AF14-663AB293F5BB}.Debug|Mixed Platforms.Build.0 = Debug|Any CPU
		{7093B7DA-2E16-4D8B-AF14-663AB293F5BB}.Debug|Win32.ActiveCfg = Debug|Any CPU
		{7093B7DA-2E16-4D8B-AF14-663AB293F5BB}.Release|Any CPU.ActiveCfg = Release|Any CPU
		{7093B7DA-2E16-4D8B-AF14-663AB293F5BB}.Release|Any CPU.Build.0 = Release|Any CPU
		{7093B7DA-2E16-4D8B-AF14-663AB293F5BB}.Release|Mixed Platforms.ActiveCfg = Release|Any CPU
		{7093B7DA-2E16-4D8B-AF14-663AB293F5BB}.Release|Mixed Platforms.Build.0 = Release|Any CPU
		{7093B7DA-2E16-4D8B-AF14-663AB293F5BB}.Release|Win32.ActiveCfg = Release|Any CPU
		{BA70CBA2-7085-43DC-A493-4AA48030ED88}.Debug|Any CPU.ActiveCfg = Debug|Any CPU
		{BA70CBA2-7085-43DC-A493-4AA48030ED88}.Debug|Any CPU.Build.0 = Debug|Any CPU
		{BA70CBA2-7085-43DC-A493-4AA48030ED88}.Debug|Mixed Platforms.ActiveCfg = Debug|Any CPU
		{BA70CBA2-7085-43DC-A493-4AA48030ED88}.Debug|Mixed Platforms.Build.0 = Debug|Any CPU
		{BA70CBA2-7085-43DC-A493-4AA48030ED88}.Debug|Win32.ActiveCfg = Debug|Any CPU
		{BA70CBA2-7085-43DC-A493-4AA48030ED88}.Release|Any CPU.ActiveCfg = Release|Any CPU
		{BA70CBA2-7085-43DC-A493-4AA48030ED88}.Release|Any CPU.Build.0 = Release|Any CPU
		{BA70CBA2-7085-43DC-A493-4AA48030ED88}.Release|Mixed Platforms.ActiveCfg = Release|Any CPU
		{BA70CBA2-7085-43DC-A493-4AA48030ED88}.Release|Mixed Platforms.Build.0 = Release|Any CPU
		{BA70CBA2-7085-43DC-A493-4AA48030ED88}.Release|Win32.ActiveCfg = Release|Any CPU
		{03D1C790-162A-4AC0-B33B-634B263C0A63}.Debug|Any CPU.ActiveCfg = Debug|Any CPU
		{03D1C790-162A-4AC0-B33B-634B263C0A63}.Debug|Any CPU.Build.0 = Debug|Any CPU
		{03D1C790-162A-4AC0-B33B-634B263C0A63}.Debug|Mixed Platforms.ActiveCfg = Debug|Any CPU
		{03D1C790-162A-4AC0-B33B-634B263C0A63}.Debug|Mixed Platforms.Build.0 = Debug|Any CPU
		{03D1C790-162A-4AC0-B33B-634B263C0A63}.Debug|Win32.ActiveCfg = Debug|Any CPU
		{03D1C790-162A-4AC0-B33B-634B263C0A63}.Release|Any CPU.ActiveCfg = Release|Any CPU
		{03D1C790-162A-4AC0-B33B-634B263C0A63}.Release|Any CPU.Build.0 = Release|Any CPU
		{03D1C790-162A-4AC0-B33B-634B263C0A63}.Release|Mixed Platforms.ActiveCfg = Release|Any CPU
		{03D1C790-162A-4AC0-B33B-634B263C0A63}.Release|Mixed Platforms.Build.0 = Release|Any CPU
		{03D1C790-162A-4AC0-B33B-634B263C0A63}.Release|Win32.ActiveCfg = Release|Any CPU
		{30D5DC0F-1DDA-4BB9-9898-B184E3A010C9}.Debug|Any CPU.ActiveCfg = Debug|Any CPU
		{30D5DC0F-1DDA-4BB9-9898-B184E3A010C9}.Debug|Any CPU.Build.0 = Debug|Any CPU
		{30D5DC0F-1DDA-4BB9-9898-B184E3A010C9}.Debug|Mixed Platforms.ActiveCfg = Debug|Any CPU
		{30D5DC0F-1DDA-4BB9-9898-B184E3A010C9}.Debug|Mixed Platforms.Build.0 = Debug|Any CPU
		{30D5DC0F-1DDA-4BB9-9898-B184E3A010C9}.Debug|Win32.ActiveCfg = Debug|Any CPU
		{30D5DC0F-1DDA-4BB9-9898-B184E3A010C9}.Release|Any CPU.ActiveCfg = Release|Any CPU
		{30D5DC0F-1DDA-4BB9-9898-B184E3A010C9}.Release|Any CPU.Build.0 = Release|Any CPU
		{30D5DC0F-1DDA-4BB9-9898-B184E3A010C9}.Release|Mixed Platforms.ActiveCfg = Release|Any CPU
		{30D5DC0F-1DDA-4BB9-9898-B184E3A010C9}.Release|Mixed Platforms.Build.0 = Release|Any CPU
		{30D5DC0F-1DDA-4BB9-9898-B184E3A010C9}.Release|Win32.ActiveCfg = Release|Any CPU
		{B51EEEF9-B767-426E-83E5-AEA7EA83329C}.Debug|Any CPU.ActiveCfg = Debug|Any CPU
		{B51EEEF9-B767-426E-83E5-AEA7EA83329C}.Debug|Any CPU.Build.0 = Debug|Any CPU
		{B51EEEF9-B767-426E-83E5-AEA7EA83329C}.Debug|Mixed Platforms.ActiveCfg = Debug|Any CPU
		{B51EEEF9-B767-426E-83E5-AEA7EA83329C}.Debug|Mixed Platforms.Build.0 = Debug|Any CPU
		{B51EEEF9-B767-426E-83E5-AEA7EA83329C}.Debug|Win32.ActiveCfg = Debug|Any CPU
		{B51EEEF9-B767-426E-83E5-AEA7EA83329C}.Release|Any CPU.ActiveCfg = Release|Any CPU
		{B51EEEF9-B767-426E-83E5-AEA7EA83329C}.Release|Any CPU.Build.0 = Release|Any CPU
		{B51EEEF9-B767-426E-83E5-AEA7EA83329C}.Release|Mixed Platforms.ActiveCfg = Release|Any CPU
		{B51EEEF9-B767-426E-83E5-AEA7EA83329C}.Release|Mixed Platforms.Build.0 = Release|Any CPU
		{B51EEEF9-B767-426E-83E5-AEA7EA83329C}.Release|Win32.ActiveCfg = Release|Any CPU
		{3CE13D02-372D-49F8-B377-23FE4B538A87}.Debug|Any CPU.ActiveCfg = Debug|Any CPU
		{3CE13D02-372D-49F8-B377-23FE4B538A87}.Debug|Any CPU.Build.0 = Debug|Any CPU
		{3CE13D02-372D-49F8-B377-23FE4B538A87}.Debug|Mixed Platforms.ActiveCfg = Debug|Any CPU
		{3CE13D02-372D-49F8-B377-23FE4B538A87}.Debug|Mixed Platforms.Build.0 = Debug|Any CPU
		{3CE13D02-372D-49F8-B377-23FE4B538A87}.Debug|Win32.ActiveCfg = Debug|Any CPU
		{3CE13D02-372D-49F8-B377-23FE4B538A87}.Release|Any CPU.ActiveCfg = Release|Any CPU
		{3CE13D02-372D-49F8-B377-23FE4B538A87}.Release|Any CPU.Build.0 = Release|Any CPU
		{3CE13D02-372D-49F8-B377-23FE4B538A87}.Release|Mixed Platforms.ActiveCfg = Release|Any CPU
		{3CE13D02-372D-49F8-B377-23FE4B538A87}.Release|Mixed Platforms.Build.0 = Release|Any CPU
		{3CE13D02-372D-49F8-B377-23FE4B538A87}.Release|Win32.ActiveCfg = Release|Any CPU
		{E65E8A79-91F8-4DDD-8B33-8F9DFAD82736}.Debug|Any CPU.ActiveCfg = Debug|Any CPU
		{E65E8A79-91F8-4DDD-8B33-8F9DFAD82736}.Debug|Any CPU.Build.0 = Debug|Any CPU
		{E65E8A79-91F8-4DDD-8B33-8F9DFAD82736}.Debug|Mixed Platforms.ActiveCfg = Debug|Any CPU
		{E65E8A79-91F8-4DDD-8B33-8F9DFAD82736}.Debug|Mixed Platforms.Build.0 = Debug|Any CPU
		{E65E8A79-91F8-4DDD-8B33-8F9DFAD82736}.Debug|Win32.ActiveCfg = Debug|Any CPU
		{E65E8A79-91F8-4DDD-8B33-8F9DFAD82736}.Release|Any CPU.ActiveCfg = Release|Any CPU
		{E65E8A79-91F8-4DDD-8B33-8F9DFAD82736}.Release|Any CPU.Build.0 = Release|Any CPU
		{E65E8A79-91F8-4DDD-8B33-8F9DFAD82736}.Release|Mixed Platforms.ActiveCfg = Release|Any CPU
		{E65E8A79-91F8-4DDD-8B33-8F9DFAD82736}.Release|Mixed Platforms.Build.0 = Release|Any CPU
		{E65E8A79-91F8-4DDD-8B33-8F9DFAD82736}.Release|Win32.ActiveCfg = Release|Any CPU
		{CBDD772E-5452-4A30-B683-3F59D4CD6C2C}.Debug|Any CPU.ActiveCfg = Debug|Any CPU
		{CBDD772E-5452-4A30-B683-3F59D4CD6C2C}.Debug|Any CPU.Build.0 = Debug|Any CPU
		{CBDD772E-5452-4A30-B683-3F59D4CD6C2C}.Debug|Mixed Platforms.ActiveCfg = Debug|Any CPU
		{CBDD772E-5452-4A30-B683-3F59D4CD6C2C}.Debug|Mixed Platforms.Build.0 = Debug|Any CPU
		{CBDD772E-5452-4A30-B683-3F59D4CD6C2C}.Debug|Win32.ActiveCfg = Debug|Any CPU
		{CBDD772E-5452-4A30-B683-3F59D4CD6C2C}.Release|Any CPU.ActiveCfg = Release|Any CPU
		{CBDD772E-5452-4A30-B683-3F59D4CD6C2C}.Release|Any CPU.Build.0 = Release|Any CPU
		{CBDD772E-5452-4A30-B683-3F59D4CD6C2C}.Release|Mixed Platforms.ActiveCfg = Release|Any CPU
		{CBDD772E-5452-4A30-B683-3F59D4CD6C2C}.Release|Mixed Platforms.Build.0 = Release|Any CPU
		{CBDD772E-5452-4A30-B683-3F59D4CD6C2C}.Release|Win32.ActiveCfg = Release|Any CPU
		{DA1C6063-9549-4914-9A85-5586406BD7E6}.Debug|Any CPU.ActiveCfg = Debug|Any CPU
		{DA1C6063-9549-4914-9A85-5586406BD7E6}.Debug|Any CPU.Build.0 = Debug|Any CPU
		{DA1C6063-9549-4914-9A85-5586406BD7E6}.Debug|Mixed Platforms.ActiveCfg = Debug|Any CPU
		{DA1C6063-9549-4914-9A85-5586406BD7E6}.Debug|Mixed Platforms.Build.0 = Debug|Any CPU
		{DA1C6063-9549-4914-9A85-5586406BD7E6}.Debug|Win32.ActiveCfg = Debug|Any CPU
		{DA1C6063-9549-4914-9A85-5586406BD7E6}.Release|Any CPU.ActiveCfg = Release|Any CPU
		{DA1C6063-9549-4914-9A85-5586406BD7E6}.Release|Any CPU.Build.0 = Release|Any CPU
		{DA1C6063-9549-4914-9A85-5586406BD7E6}.Release|Mixed Platforms.ActiveCfg = Release|Any CPU
		{DA1C6063-9549-4914-9A85-5586406BD7E6}.Release|Mixed Platforms.Build.0 = Release|Any CPU
		{DA1C6063-9549-4914-9A85-5586406BD7E6}.Release|Win32.ActiveCfg = Release|Any CPU
		{EC271408-FFFC-46F7-91C7-A84E0631CEAB}.Debug|Any CPU.ActiveCfg = Debug|Any CPU
		{EC271408-FFFC-46F7-91C7-A84E0631CEAB}.Debug|Any CPU.Build.0 = Debug|Any CPU
		{EC271408-FFFC-46F7-91C7-A84E0631CEAB}.Debug|Mixed Platforms.ActiveCfg = Debug|Any CPU
		{EC271408-FFFC-46F7-91C7-A84E0631CEAB}.Debug|Mixed Platforms.Build.0 = Debug|Any CPU
		{EC271408-FFFC-46F7-91C7-A84E0631CEAB}.Debug|Win32.ActiveCfg = Debug|Any CPU
		{EC271408-FFFC-46F7-91C7-A84E0631CEAB}.Release|Any CPU.ActiveCfg = Release|Any CPU
		{EC271408-FFFC-46F7-91C7-A84E0631CEAB}.Release|Any CPU.Build.0 = Release|Any CPU
		{EC271408-FFFC-46F7-91C7-A84E0631CEAB}.Release|Mixed Platforms.ActiveCfg = Release|Any CPU
		{EC271408-FFFC-46F7-91C7-A84E0631CEAB}.Release|Mixed Platforms.Build.0 = Release|Any CPU
		{EC271408-FFFC-46F7-91C7-A84E0631CEAB}.Release|Win32.ActiveCfg = Release|Any CPU
		{5EE99FE9-7922-4C82-B63B-82BCAE67AD5D}.Debug|Any CPU.ActiveCfg = Debug|Any CPU
		{5EE99FE9-7922-4C82-B63B-82BCAE67AD5D}.Debug|Any CPU.Build.0 = Debug|Any CPU
		{5EE99FE9-7922-4C82-B63B-82BCAE67AD5D}.Debug|Mixed Platforms.ActiveCfg = Debug|Any CPU
		{5EE99FE9-7922-4C82-B63B-82BCAE67AD5D}.Debug|Mixed Platforms.Build.0 = Debug|Any CPU
		{5EE99FE9-7922-4C82-B63B-82BCAE67AD5D}.Debug|Win32.ActiveCfg = Debug|Any CPU
		{5EE99FE9-7922-4C82-B63B-82BCAE67AD5D}.Release|Any CPU.ActiveCfg = Release|Any CPU
		{5EE99FE9-7922-4C82-B63B-82BCAE67AD5D}.Release|Any CPU.Build.0 = Release|Any CPU
		{5EE99FE9-7922-4C82-B63B-82BCAE67AD5D}.Release|Mixed Platforms.ActiveCfg = Release|Any CPU
		{5EE99FE9-7922-4C82-B63B-82BCAE67AD5D}.Release|Mixed Platforms.Build.0 = Release|Any CPU
		{5EE99FE9-7922-4C82-B63B-82BCAE67AD5D}.Release|Win32.ActiveCfg = Release|Any CPU
		{5222B917-48CB-40CD-AE1B-D47CE1DDE842}.Debug|Any CPU.ActiveCfg = Debug|Any CPU
		{5222B917-48CB-40CD-AE1B-D47CE1DDE842}.Debug|Any CPU.Build.0 = Debug|Any CPU
		{5222B917-48CB-40CD-AE1B-D47CE1DDE842}.Debug|Mixed Platforms.ActiveCfg = Debug|Any CPU
		{5222B917-48CB-40CD-AE1B-D47CE1DDE842}.Debug|Mixed Platforms.Build.0 = Debug|Any CPU
		{5222B917-48CB-40CD-AE1B-D47CE1DDE842}.Debug|Win32.ActiveCfg = Debug|Any CPU
		{5222B917-48CB-40CD-AE1B-D47CE1DDE842}.Release|Any CPU.ActiveCfg = Release|Any CPU
		{5222B917-48CB-40CD-AE1B-D47CE1DDE842}.Release|Any CPU.Build.0 = Release|Any CPU
		{5222B917-48CB-40CD-AE1B-D47CE1DDE842}.Release|Mixed Platforms.ActiveCfg = Release|Any CPU
		{5222B917-48CB-40CD-AE1B-D47CE1DDE842}.Release|Mixed Platforms.Build.0 = Release|Any CPU
		{5222B917-48CB-40CD-AE1B-D47CE1DDE842}.Release|Win32.ActiveCfg = Release|Any CPU
		{33A121A2-CE6D-4130-A553-FFEB2B799348}.Debug|Any CPU.ActiveCfg = Debug|Any CPU
		{33A121A2-CE6D-4130-A553-FFEB2B799348}.Debug|Any CPU.Build.0 = Debug|Any CPU
		{33A121A2-CE6D-4130-A553-FFEB2B799348}.Debug|Mixed Platforms.ActiveCfg = Debug|Any CPU
		{33A121A2-CE6D-4130-A553-FFEB2B799348}.Debug|Mixed Platforms.Build.0 = Debug|Any CPU
		{33A121A2-CE6D-4130-A553-FFEB2B799348}.Debug|Win32.ActiveCfg = Debug|Any CPU
		{33A121A2-CE6D-4130-A553-FFEB2B799348}.Release|Any CPU.ActiveCfg = Release|Any CPU
		{33A121A2-CE6D-4130-A553-FFEB2B799348}.Release|Any CPU.Build.0 = Release|Any CPU
		{33A121A2-CE6D-4130-A553-FFEB2B799348}.Release|Mixed Platforms.ActiveCfg = Release|Any CPU
		{33A121A2-CE6D-4130-A553-FFEB2B799348}.Release|Mixed Platforms.Build.0 = Release|Any CPU
		{33A121A2-CE6D-4130-A553-FFEB2B799348}.Release|Win32.ActiveCfg = Release|Any CPU
		{5DDA2213-996E-4DFE-AEC5-B22158977EFB}.Debug|Any CPU.ActiveCfg = Debug|Any CPU
		{5DDA2213-996E-4DFE-AEC5-B22158977EFB}.Debug|Any CPU.Build.0 = Debug|Any CPU
		{5DDA2213-996E-4DFE-AEC5-B22158977EFB}.Debug|Mixed Platforms.ActiveCfg = Debug|Any CPU
		{5DDA2213-996E-4DFE-AEC5-B22158977EFB}.Debug|Mixed Platforms.Build.0 = Debug|Any CPU
		{5DDA2213-996E-4DFE-AEC5-B22158977EFB}.Debug|Win32.ActiveCfg = Debug|Any CPU
		{5DDA2213-996E-4DFE-AEC5-B22158977EFB}.Release|Any CPU.ActiveCfg = Release|Any CPU
		{5DDA2213-996E-4DFE-AEC5-B22158977EFB}.Release|Any CPU.Build.0 = Release|Any CPU
		{5DDA2213-996E-4DFE-AEC5-B22158977EFB}.Release|Mixed Platforms.ActiveCfg = Release|Any CPU
		{5DDA2213-996E-4DFE-AEC5-B22158977EFB}.Release|Mixed Platforms.Build.0 = Release|Any CPU
		{5DDA2213-996E-4DFE-AEC5-B22158977EFB}.Release|Win32.ActiveCfg = Release|Any CPU
		{B5662C5F-8103-4BAF-91C8-DD67475BA215}.Debug|Any CPU.ActiveCfg = Debug|Any CPU
		{B5662C5F-8103-4BAF-91C8-DD67475BA215}.Debug|Any CPU.Build.0 = Debug|Any CPU
		{B5662C5F-8103-4BAF-91C8-DD67475BA215}.Debug|Mixed Platforms.ActiveCfg = Debug|Any CPU
		{B5662C5F-8103-4BAF-91C8-DD67475BA215}.Debug|Mixed Platforms.Build.0 = Debug|Any CPU
		{B5662C5F-8103-4BAF-91C8-DD67475BA215}.Debug|Win32.ActiveCfg = Debug|Any CPU
		{B5662C5F-8103-4BAF-91C8-DD67475BA215}.Release|Any CPU.ActiveCfg = Release|Any CPU
		{B5662C5F-8103-4BAF-91C8-DD67475BA215}.Release|Any CPU.Build.0 = Release|Any CPU
		{B5662C5F-8103-4BAF-91C8-DD67475BA215}.Release|Mixed Platforms.ActiveCfg = Release|Any CPU
		{B5662C5F-8103-4BAF-91C8-DD67475BA215}.Release|Mixed Platforms.Build.0 = Release|Any CPU
		{B5662C5F-8103-4BAF-91C8-DD67475BA215}.Release|Win32.ActiveCfg = Release|Any CPU
		{D891C4E5-5407-4D04-8984-445604CBCE7A}.Debug|Any CPU.ActiveCfg = Debug|Any CPU
		{D891C4E5-5407-4D04-8984-445604CBCE7A}.Debug|Any CPU.Build.0 = Debug|Any CPU
		{D891C4E5-5407-4D04-8984-445604CBCE7A}.Debug|Mixed Platforms.ActiveCfg = Debug|Any CPU
		{D891C4E5-5407-4D04-8984-445604CBCE7A}.Debug|Mixed Platforms.Build.0 = Debug|Any CPU
		{D891C4E5-5407-4D04-8984-445604CBCE7A}.Debug|Win32.ActiveCfg = Debug|Any CPU
		{D891C4E5-5407-4D04-8984-445604CBCE7A}.Release|Any CPU.ActiveCfg = Release|Any CPU
		{D891C4E5-5407-4D04-8984-445604CBCE7A}.Release|Any CPU.Build.0 = Release|Any CPU
		{D891C4E5-5407-4D04-8984-445604CBCE7A}.Release|Mixed Platforms.ActiveCfg = Release|Any CPU
		{D891C4E5-5407-4D04-8984-445604CBCE7A}.Release|Mixed Platforms.Build.0 = Release|Any CPU
		{D891C4E5-5407-4D04-8984-445604CBCE7A}.Release|Win32.ActiveCfg = Release|Any CPU
		{2EB49AE1-E9F5-48F1-BAE6-F3728310E6ED}.Debug|Any CPU.ActiveCfg = Debug|Any CPU
		{2EB49AE1-E9F5-48F1-BAE6-F3728310E6ED}.Debug|Any CPU.Build.0 = Debug|Any CPU
		{2EB49AE1-E9F5-48F1-BAE6-F3728310E6ED}.Debug|Mixed Platforms.ActiveCfg = Debug|Any CPU
		{2EB49AE1-E9F5-48F1-BAE6-F3728310E6ED}.Debug|Mixed Platforms.Build.0 = Debug|Any CPU
		{2EB49AE1-E9F5-48F1-BAE6-F3728310E6ED}.Debug|Win32.ActiveCfg = Debug|Any CPU
		{2EB49AE1-E9F5-48F1-BAE6-F3728310E6ED}.Release|Any CPU.ActiveCfg = Release|Any CPU
		{2EB49AE1-E9F5-48F1-BAE6-F3728310E6ED}.Release|Any CPU.Build.0 = Release|Any CPU
		{2EB49AE1-E9F5-48F1-BAE6-F3728310E6ED}.Release|Mixed Platforms.ActiveCfg = Release|Any CPU
		{2EB49AE1-E9F5-48F1-BAE6-F3728310E6ED}.Release|Mixed Platforms.Build.0 = Release|Any CPU
		{2EB49AE1-E9F5-48F1-BAE6-F3728310E6ED}.Release|Win32.ActiveCfg = Release|Any CPU
		{DF3D7D04-8403-4632-B894-159C36347BE4}.Debug|Any CPU.ActiveCfg = Debug|Any CPU
		{DF3D7D04-8403-4632-B894-159C36347BE4}.Debug|Any CPU.Build.0 = Debug|Any CPU
		{DF3D7D04-8403-4632-B894-159C36347BE4}.Debug|Mixed Platforms.ActiveCfg = Debug|Any CPU
		{DF3D7D04-8403-4632-B894-159C36347BE4}.Debug|Mixed Platforms.Build.0 = Debug|Any CPU
		{DF3D7D04-8403-4632-B894-159C36347BE4}.Debug|Win32.ActiveCfg = Debug|Any CPU
		{DF3D7D04-8403-4632-B894-159C36347BE4}.Release|Any CPU.ActiveCfg = Release|Any CPU
		{DF3D7D04-8403-4632-B894-159C36347BE4}.Release|Any CPU.Build.0 = Release|Any CPU
		{DF3D7D04-8403-4632-B894-159C36347BE4}.Release|Mixed Platforms.ActiveCfg = Release|Any CPU
		{DF3D7D04-8403-4632-B894-159C36347BE4}.Release|Mixed Platforms.Build.0 = Release|Any CPU
		{DF3D7D04-8403-4632-B894-159C36347BE4}.Release|Win32.ActiveCfg = Release|Any CPU
		{CF933215-594E-46B7-8E23-04EBAF254377}.Debug|Any CPU.ActiveCfg = Debug|Any CPU
		{CF933215-594E-46B7-8E23-04EBAF254377}.Debug|Any CPU.Build.0 = Debug|Any CPU
		{CF933215-594E-46B7-8E23-04EBAF254377}.Debug|Mixed Platforms.ActiveCfg = Debug|Any CPU
		{CF933215-594E-46B7-8E23-04EBAF254377}.Debug|Mixed Platforms.Build.0 = Debug|Any CPU
		{CF933215-594E-46B7-8E23-04EBAF254377}.Debug|Win32.ActiveCfg = Debug|Any CPU
		{CF933215-594E-46B7-8E23-04EBAF254377}.Release|Any CPU.ActiveCfg = Release|Any CPU
		{CF933215-594E-46B7-8E23-04EBAF254377}.Release|Any CPU.Build.0 = Release|Any CPU
		{CF933215-594E-46B7-8E23-04EBAF254377}.Release|Mixed Platforms.ActiveCfg = Release|Any CPU
		{CF933215-594E-46B7-8E23-04EBAF254377}.Release|Mixed Platforms.Build.0 = Release|Any CPU
		{CF933215-594E-46B7-8E23-04EBAF254377}.Release|Win32.ActiveCfg = Release|Any CPU
		{02921080-1E48-4FF9-86F7-CCB9276E77D5}.Debug|Any CPU.ActiveCfg = Debug|Any CPU
		{02921080-1E48-4FF9-86F7-CCB9276E77D5}.Debug|Any CPU.Build.0 = Debug|Any CPU
		{02921080-1E48-4FF9-86F7-CCB9276E77D5}.Debug|Mixed Platforms.ActiveCfg = Debug|Any CPU
		{02921080-1E48-4FF9-86F7-CCB9276E77D5}.Debug|Mixed Platforms.Build.0 = Debug|Any CPU
		{02921080-1E48-4FF9-86F7-CCB9276E77D5}.Debug|Win32.ActiveCfg = Debug|Any CPU
		{02921080-1E48-4FF9-86F7-CCB9276E77D5}.Release|Any CPU.ActiveCfg = Release|Any CPU
		{02921080-1E48-4FF9-86F7-CCB9276E77D5}.Release|Any CPU.Build.0 = Release|Any CPU
		{02921080-1E48-4FF9-86F7-CCB9276E77D5}.Release|Mixed Platforms.ActiveCfg = Release|Any CPU
		{02921080-1E48-4FF9-86F7-CCB9276E77D5}.Release|Mixed Platforms.Build.0 = Release|Any CPU
		{02921080-1E48-4FF9-86F7-CCB9276E77D5}.Release|Win32.ActiveCfg = Release|Any CPU
		{814D45D4-8234-4235-806D-6AA539EF8D6B}.Debug|Any CPU.ActiveCfg = Debug|Any CPU
		{814D45D4-8234-4235-806D-6AA539EF8D6B}.Debug|Any CPU.Build.0 = Debug|Any CPU
		{814D45D4-8234-4235-806D-6AA539EF8D6B}.Debug|Mixed Platforms.ActiveCfg = Debug|Any CPU
		{814D45D4-8234-4235-806D-6AA539EF8D6B}.Debug|Mixed Platforms.Build.0 = Debug|Any CPU
		{814D45D4-8234-4235-806D-6AA539EF8D6B}.Debug|Win32.ActiveCfg = Debug|Any CPU
		{814D45D4-8234-4235-806D-6AA539EF8D6B}.Release|Any CPU.ActiveCfg = Release|Any CPU
		{814D45D4-8234-4235-806D-6AA539EF8D6B}.Release|Any CPU.Build.0 = Release|Any CPU
		{814D45D4-8234-4235-806D-6AA539EF8D6B}.Release|Mixed Platforms.ActiveCfg = Release|Any CPU
		{814D45D4-8234-4235-806D-6AA539EF8D6B}.Release|Mixed Platforms.Build.0 = Release|Any CPU
		{814D45D4-8234-4235-806D-6AA539EF8D6B}.Release|Win32.ActiveCfg = Release|Any CPU
		{3880B01C-E1C4-477C-8D77-B8BEC04ACE6A}.Debug|Any CPU.ActiveCfg = Debug|Any CPU
		{3880B01C-E1C4-477C-8D77-B8BEC04ACE6A}.Debug|Any CPU.Build.0 = Debug|Any CPU
		{3880B01C-E1C4-477C-8D77-B8BEC04ACE6A}.Debug|Mixed Platforms.ActiveCfg = Debug|Any CPU
		{3880B01C-E1C4-477C-8D77-B8BEC04ACE6A}.Debug|Mixed Platforms.Build.0 = Debug|Any CPU
		{3880B01C-E1C4-477C-8D77-B8BEC04ACE6A}.Debug|Win32.ActiveCfg = Debug|Any CPU
		{3880B01C-E1C4-477C-8D77-B8BEC04ACE6A}.Release|Any CPU.ActiveCfg = Release|Any CPU
		{3880B01C-E1C4-477C-8D77-B8BEC04ACE6A}.Release|Any CPU.Build.0 = Release|Any CPU
		{3880B01C-E1C4-477C-8D77-B8BEC04ACE6A}.Release|Mixed Platforms.ActiveCfg = Release|Any CPU
		{3880B01C-E1C4-477C-8D77-B8BEC04ACE6A}.Release|Mixed Platforms.Build.0 = Release|Any CPU
		{3880B01C-E1C4-477C-8D77-B8BEC04ACE6A}.Release|Win32.ActiveCfg = Release|Any CPU
		{C77201B9-E809-4CAE-8A03-48CEE3F4BAD1}.Debug|Any CPU.ActiveCfg = Debug|Any CPU
		{C77201B9-E809-4CAE-8A03-48CEE3F4BAD1}.Debug|Any CPU.Build.0 = Debug|Any CPU
		{C77201B9-E809-4CAE-8A03-48CEE3F4BAD1}.Debug|Mixed Platforms.ActiveCfg = Debug|Any CPU
		{C77201B9-E809-4CAE-8A03-48CEE3F4BAD1}.Debug|Mixed Platforms.Build.0 = Debug|Any CPU
		{C77201B9-E809-4CAE-8A03-48CEE3F4BAD1}.Debug|Win32.ActiveCfg = Debug|Any CPU
		{C77201B9-E809-4CAE-8A03-48CEE3F4BAD1}.Release|Any CPU.ActiveCfg = Release|Any CPU
		{C77201B9-E809-4CAE-8A03-48CEE3F4BAD1}.Release|Any CPU.Build.0 = Release|Any CPU
		{C77201B9-E809-4CAE-8A03-48CEE3F4BAD1}.Release|Mixed Platforms.ActiveCfg = Release|Any CPU
		{C77201B9-E809-4CAE-8A03-48CEE3F4BAD1}.Release|Mixed Platforms.Build.0 = Release|Any CPU
		{C77201B9-E809-4CAE-8A03-48CEE3F4BAD1}.Release|Win32.ActiveCfg = Release|Any CPU
		{369ABA44-6510-4BE8-9082-28ED05109B8E}.Debug|Any CPU.ActiveCfg = Debug|Any CPU
		{369ABA44-6510-4BE8-9082-28ED05109B8E}.Debug|Any CPU.Build.0 = Debug|Any CPU
		{369ABA44-6510-4BE8-9082-28ED05109B8E}.Debug|Mixed Platforms.ActiveCfg = Debug|Any CPU
		{369ABA44-6510-4BE8-9082-28ED05109B8E}.Debug|Mixed Platforms.Build.0 = Debug|Any CPU
		{369ABA44-6510-4BE8-9082-28ED05109B8E}.Debug|Win32.ActiveCfg = Debug|Any CPU
		{369ABA44-6510-4BE8-9082-28ED05109B8E}.Release|Any CPU.ActiveCfg = Release|Any CPU
		{369ABA44-6510-4BE8-9082-28ED05109B8E}.Release|Any CPU.Build.0 = Release|Any CPU
		{369ABA44-6510-4BE8-9082-28ED05109B8E}.Release|Mixed Platforms.ActiveCfg = Release|Any CPU
		{369ABA44-6510-4BE8-9082-28ED05109B8E}.Release|Mixed Platforms.Build.0 = Release|Any CPU
		{369ABA44-6510-4BE8-9082-28ED05109B8E}.Release|Win32.ActiveCfg = Release|Any CPU
		{A2106A20-653B-4B21-AB9B-E4A05F44276D}.Debug|Any CPU.ActiveCfg = Debug|Any CPU
		{A2106A20-653B-4B21-AB9B-E4A05F44276D}.Debug|Any CPU.Build.0 = Debug|Any CPU
		{A2106A20-653B-4B21-AB9B-E4A05F44276D}.Debug|Mixed Platforms.ActiveCfg = Debug|Any CPU
		{A2106A20-653B-4B21-AB9B-E4A05F44276D}.Debug|Mixed Platforms.Build.0 = Debug|Any CPU
		{A2106A20-653B-4B21-AB9B-E4A05F44276D}.Debug|Win32.ActiveCfg = Debug|Any CPU
		{A2106A20-653B-4B21-AB9B-E4A05F44276D}.Release|Any CPU.ActiveCfg = Release|Any CPU
		{A2106A20-653B-4B21-AB9B-E4A05F44276D}.Release|Any CPU.Build.0 = Release|Any CPU
		{A2106A20-653B-4B21-AB9B-E4A05F44276D}.Release|Mixed Platforms.ActiveCfg = Release|Any CPU
		{A2106A20-653B-4B21-AB9B-E4A05F44276D}.Release|Mixed Platforms.Build.0 = Release|Any CPU
		{A2106A20-653B-4B21-AB9B-E4A05F44276D}.Release|Win32.ActiveCfg = Release|Any CPU
		{E2FCC484-4431-4B54-985A-ECDD6BA9E08F}.Debug|Any CPU.ActiveCfg = Debug|Any CPU
		{E2FCC484-4431-4B54-985A-ECDD6BA9E08F}.Debug|Any CPU.Build.0 = Debug|Any CPU
		{E2FCC484-4431-4B54-985A-ECDD6BA9E08F}.Debug|Mixed Platforms.ActiveCfg = Debug|Any CPU
		{E2FCC484-4431-4B54-985A-ECDD6BA9E08F}.Debug|Mixed Platforms.Build.0 = Debug|Any CPU
		{E2FCC484-4431-4B54-985A-ECDD6BA9E08F}.Debug|Win32.ActiveCfg = Debug|Any CPU
		{E2FCC484-4431-4B54-985A-ECDD6BA9E08F}.Release|Any CPU.ActiveCfg = Release|Any CPU
		{E2FCC484-4431-4B54-985A-ECDD6BA9E08F}.Release|Any CPU.Build.0 = Release|Any CPU
		{E2FCC484-4431-4B54-985A-ECDD6BA9E08F}.Release|Mixed Platforms.ActiveCfg = Release|Any CPU
		{E2FCC484-4431-4B54-985A-ECDD6BA9E08F}.Release|Mixed Platforms.Build.0 = Release|Any CPU
		{E2FCC484-4431-4B54-985A-ECDD6BA9E08F}.Release|Win32.ActiveCfg = Release|Any CPU
		{97631D7B-FEB5-41C3-8B02-91C03BFA33DD}.Debug|Any CPU.ActiveCfg = Debug|Any CPU
		{97631D7B-FEB5-41C3-8B02-91C03BFA33DD}.Debug|Any CPU.Build.0 = Debug|Any CPU
		{97631D7B-FEB5-41C3-8B02-91C03BFA33DD}.Debug|Mixed Platforms.ActiveCfg = Debug|Any CPU
		{97631D7B-FEB5-41C3-8B02-91C03BFA33DD}.Debug|Mixed Platforms.Build.0 = Debug|Any CPU
		{97631D7B-FEB5-41C3-8B02-91C03BFA33DD}.Debug|Win32.ActiveCfg = Debug|Any CPU
		{97631D7B-FEB5-41C3-8B02-91C03BFA33DD}.Release|Any CPU.ActiveCfg = Release|Any CPU
		{97631D7B-FEB5-41C3-8B02-91C03BFA33DD}.Release|Any CPU.Build.0 = Release|Any CPU
		{97631D7B-FEB5-41C3-8B02-91C03BFA33DD}.Release|Mixed Platforms.ActiveCfg = Release|Any CPU
		{97631D7B-FEB5-41C3-8B02-91C03BFA33DD}.Release|Mixed Platforms.Build.0 = Release|Any CPU
		{97631D7B-FEB5-41C3-8B02-91C03BFA33DD}.Release|Win32.ActiveCfg = Release|Any CPU
		{D9AA8BD5-73D9-4B1C-A2B2-C574225EC8FA}.Debug|Any CPU.ActiveCfg = Debug|Any CPU
		{D9AA8BD5-73D9-4B1C-A2B2-C574225EC8FA}.Debug|Any CPU.Build.0 = Debug|Any CPU
		{D9AA8BD5-73D9-4B1C-A2B2-C574225EC8FA}.Debug|Mixed Platforms.ActiveCfg = Debug|Any CPU
		{D9AA8BD5-73D9-4B1C-A2B2-C574225EC8FA}.Debug|Mixed Platforms.Build.0 = Debug|Any CPU
		{D9AA8BD5-73D9-4B1C-A2B2-C574225EC8FA}.Debug|Win32.ActiveCfg = Debug|Any CPU
		{D9AA8BD5-73D9-4B1C-A2B2-C574225EC8FA}.Release|Any CPU.ActiveCfg = Release|Any CPU
		{D9AA8BD5-73D9-4B1C-A2B2-C574225EC8FA}.Release|Any CPU.Build.0 = Release|Any CPU
		{D9AA8BD5-73D9-4B1C-A2B2-C574225EC8FA}.Release|Mixed Platforms.ActiveCfg = Release|Any CPU
		{D9AA8BD5-73D9-4B1C-A2B2-C574225EC8FA}.Release|Mixed Platforms.Build.0 = Release|Any CPU
		{D9AA8BD5-73D9-4B1C-A2B2-C574225EC8FA}.Release|Win32.ActiveCfg = Release|Any CPU
		{CFB9BCD1-AB8F-4F93-8F3F-ECF547CBD6ED}.Debug|Any CPU.ActiveCfg = Debug|Any CPU
		{CFB9BCD1-AB8F-4F93-8F3F-ECF547CBD6ED}.Debug|Any CPU.Build.0 = Debug|Any CPU
		{CFB9BCD1-AB8F-4F93-8F3F-ECF547CBD6ED}.Debug|Mixed Platforms.ActiveCfg = Debug|Any CPU
		{CFB9BCD1-AB8F-4F93-8F3F-ECF547CBD6ED}.Debug|Mixed Platforms.Build.0 = Debug|Any CPU
		{CFB9BCD1-AB8F-4F93-8F3F-ECF547CBD6ED}.Debug|Win32.ActiveCfg = Debug|Any CPU
		{CFB9BCD1-AB8F-4F93-8F3F-ECF547CBD6ED}.Release|Any CPU.ActiveCfg = Release|Any CPU
		{CFB9BCD1-AB8F-4F93-8F3F-ECF547CBD6ED}.Release|Any CPU.Build.0 = Release|Any CPU
		{CFB9BCD1-AB8F-4F93-8F3F-ECF547CBD6ED}.Release|Mixed Platforms.ActiveCfg = Release|Any CPU
		{CFB9BCD1-AB8F-4F93-8F3F-ECF547CBD6ED}.Release|Mixed Platforms.Build.0 = Release|Any CPU
		{CFB9BCD1-AB8F-4F93-8F3F-ECF547CBD6ED}.Release|Win32.ActiveCfg = Release|Any CPU
		{039084A2-6BE6-4B06-AD2E-AD882B70A9D6}.Debug|Any CPU.ActiveCfg = Debug|Any CPU
		{039084A2-6BE6-4B06-AD2E-AD882B70A9D6}.Debug|Any CPU.Build.0 = Debug|Any CPU
		{039084A2-6BE6-4B06-AD2E-AD882B70A9D6}.Debug|Mixed Platforms.ActiveCfg = Debug|Any CPU
		{039084A2-6BE6-4B06-AD2E-AD882B70A9D6}.Debug|Mixed Platforms.Build.0 = Debug|Any CPU
		{039084A2-6BE6-4B06-AD2E-AD882B70A9D6}.Debug|Win32.ActiveCfg = Debug|Any CPU
		{039084A2-6BE6-4B06-AD2E-AD882B70A9D6}.Release|Any CPU.ActiveCfg = Release|Any CPU
		{039084A2-6BE6-4B06-AD2E-AD882B70A9D6}.Release|Any CPU.Build.0 = Release|Any CPU
		{039084A2-6BE6-4B06-AD2E-AD882B70A9D6}.Release|Mixed Platforms.ActiveCfg = Release|Any CPU
		{039084A2-6BE6-4B06-AD2E-AD882B70A9D6}.Release|Mixed Platforms.Build.0 = Release|Any CPU
		{039084A2-6BE6-4B06-AD2E-AD882B70A9D6}.Release|Win32.ActiveCfg = Release|Any CPU
		{D9DD3B39-BD89-412B-98A3-C62640D3EDCE}.Debug|Any CPU.ActiveCfg = Debug|Win32
		{D9DD3B39-BD89-412B-98A3-C62640D3EDCE}.Debug|Mixed Platforms.ActiveCfg = Debug|Win32
		{D9DD3B39-BD89-412B-98A3-C62640D3EDCE}.Debug|Mixed Platforms.Build.0 = Debug|Win32
		{D9DD3B39-BD89-412B-98A3-C62640D3EDCE}.Debug|Win32.ActiveCfg = Debug|Win32
		{D9DD3B39-BD89-412B-98A3-C62640D3EDCE}.Debug|Win32.Build.0 = Debug|Win32
		{D9DD3B39-BD89-412B-98A3-C62640D3EDCE}.Release|Any CPU.ActiveCfg = Release|Win32
		{D9DD3B39-BD89-412B-98A3-C62640D3EDCE}.Release|Mixed Platforms.ActiveCfg = Release|Win32
		{D9DD3B39-BD89-412B-98A3-C62640D3EDCE}.Release|Mixed Platforms.Build.0 = Release|Win32
		{D9DD3B39-BD89-412B-98A3-C62640D3EDCE}.Release|Win32.ActiveCfg = Release|Win32
		{D9DD3B39-BD89-412B-98A3-C62640D3EDCE}.Release|Win32.Build.0 = Release|Win32
		{AA01AC03-4530-4719-AF86-42A39F7487E7}.Debug|Any CPU.ActiveCfg = Debug|Any CPU
		{AA01AC03-4530-4719-AF86-42A39F7487E7}.Debug|Any CPU.Build.0 = Debug|Any CPU
		{AA01AC03-4530-4719-AF86-42A39F7487E7}.Debug|Mixed Platforms.ActiveCfg = Debug|Any CPU
		{AA01AC03-4530-4719-AF86-42A39F7487E7}.Debug|Mixed Platforms.Build.0 = Debug|Any CPU
		{AA01AC03-4530-4719-AF86-42A39F7487E7}.Debug|Win32.ActiveCfg = Debug|Any CPU
		{AA01AC03-4530-4719-AF86-42A39F7487E7}.Release|Any CPU.ActiveCfg = Release|Any CPU
		{AA01AC03-4530-4719-AF86-42A39F7487E7}.Release|Any CPU.Build.0 = Release|Any CPU
		{AA01AC03-4530-4719-AF86-42A39F7487E7}.Release|Mixed Platforms.ActiveCfg = Release|Any CPU
		{AA01AC03-4530-4719-AF86-42A39F7487E7}.Release|Mixed Platforms.Build.0 = Release|Any CPU
		{AA01AC03-4530-4719-AF86-42A39F7487E7}.Release|Win32.ActiveCfg = Release|Any CPU
		{9E71C966-9ABA-496A-9697-0E9B570CDA96}.Debug|Any CPU.ActiveCfg = Debug|Any CPU
		{9E71C966-9ABA-496A-9697-0E9B570CDA96}.Debug|Any CPU.Build.0 = Debug|Any CPU
		{9E71C966-9ABA-496A-9697-0E9B570CDA96}.Debug|Mixed Platforms.ActiveCfg = Debug|Any CPU
		{9E71C966-9ABA-496A-9697-0E9B570CDA96}.Debug|Mixed Platforms.Build.0 = Debug|Any CPU
		{9E71C966-9ABA-496A-9697-0E9B570CDA96}.Debug|Win32.ActiveCfg = Debug|Any CPU
		{9E71C966-9ABA-496A-9697-0E9B570CDA96}.Release|Any CPU.ActiveCfg = Release|Any CPU
		{9E71C966-9ABA-496A-9697-0E9B570CDA96}.Release|Any CPU.Build.0 = Release|Any CPU
		{9E71C966-9ABA-496A-9697-0E9B570CDA96}.Release|Mixed Platforms.ActiveCfg = Release|Any CPU
		{9E71C966-9ABA-496A-9697-0E9B570CDA96}.Release|Mixed Platforms.Build.0 = Release|Any CPU
		{9E71C966-9ABA-496A-9697-0E9B570CDA96}.Release|Win32.ActiveCfg = Release|Any CPU
		{F742B062-6128-4537-BB6B-B472427966DB}.Debug|Any CPU.ActiveCfg = Debug|Any CPU
		{F742B062-6128-4537-BB6B-B472427966DB}.Debug|Any CPU.Build.0 = Debug|Any CPU
		{F742B062-6128-4537-BB6B-B472427966DB}.Debug|Mixed Platforms.ActiveCfg = Debug|Any CPU
		{F742B062-6128-4537-BB6B-B472427966DB}.Debug|Mixed Platforms.Build.0 = Debug|Any CPU
		{F742B062-6128-4537-BB6B-B472427966DB}.Debug|Win32.ActiveCfg = Debug|Any CPU
		{F742B062-6128-4537-BB6B-B472427966DB}.Release|Any CPU.ActiveCfg = Release|Any CPU
		{F742B062-6128-4537-BB6B-B472427966DB}.Release|Any CPU.Build.0 = Release|Any CPU
		{F742B062-6128-4537-BB6B-B472427966DB}.Release|Mixed Platforms.ActiveCfg = Release|Any CPU
		{F742B062-6128-4537-BB6B-B472427966DB}.Release|Mixed Platforms.Build.0 = Release|Any CPU
		{F742B062-6128-4537-BB6B-B472427966DB}.Release|Win32.ActiveCfg = Release|Any CPU
		{BC9B0A3C-E117-438D-9EE6-DDAA62314654}.Debug|Any CPU.ActiveCfg = Debug|Any CPU
		{BC9B0A3C-E117-438D-9EE6-DDAA62314654}.Debug|Any CPU.Build.0 = Debug|Any CPU
		{BC9B0A3C-E117-438D-9EE6-DDAA62314654}.Debug|Mixed Platforms.ActiveCfg = Debug|Any CPU
		{BC9B0A3C-E117-438D-9EE6-DDAA62314654}.Debug|Mixed Platforms.Build.0 = Debug|Any CPU
		{BC9B0A3C-E117-438D-9EE6-DDAA62314654}.Debug|Win32.ActiveCfg = Debug|Any CPU
		{BC9B0A3C-E117-438D-9EE6-DDAA62314654}.Release|Any CPU.ActiveCfg = Release|Any CPU
		{BC9B0A3C-E117-438D-9EE6-DDAA62314654}.Release|Any CPU.Build.0 = Release|Any CPU
		{BC9B0A3C-E117-438D-9EE6-DDAA62314654}.Release|Mixed Platforms.ActiveCfg = Release|Any CPU
		{BC9B0A3C-E117-438D-9EE6-DDAA62314654}.Release|Mixed Platforms.Build.0 = Release|Any CPU
		{BC9B0A3C-E117-438D-9EE6-DDAA62314654}.Release|Win32.ActiveCfg = Release|Any CPU
		{4EF92951-10E5-4F63-91BD-E69C53EBC42F}.Debug|Any CPU.ActiveCfg = Debug|Any CPU
		{4EF92951-10E5-4F63-91BD-E69C53EBC42F}.Debug|Any CPU.Build.0 = Debug|Any CPU
		{4EF92951-10E5-4F63-91BD-E69C53EBC42F}.Debug|Mixed Platforms.ActiveCfg = Debug|Any CPU
		{4EF92951-10E5-4F63-91BD-E69C53EBC42F}.Debug|Mixed Platforms.Build.0 = Debug|Any CPU
		{4EF92951-10E5-4F63-91BD-E69C53EBC42F}.Debug|Win32.ActiveCfg = Debug|Any CPU
		{4EF92951-10E5-4F63-91BD-E69C53EBC42F}.Release|Any CPU.ActiveCfg = Release|Any CPU
		{4EF92951-10E5-4F63-91BD-E69C53EBC42F}.Release|Any CPU.Build.0 = Release|Any CPU
		{4EF92951-10E5-4F63-91BD-E69C53EBC42F}.Release|Mixed Platforms.ActiveCfg = Release|Any CPU
		{4EF92951-10E5-4F63-91BD-E69C53EBC42F}.Release|Mixed Platforms.Build.0 = Release|Any CPU
		{4EF92951-10E5-4F63-91BD-E69C53EBC42F}.Release|Win32.ActiveCfg = Release|Any CPU
		{FDE745F3-79B4-4F9C-829B-B6AE388EF24E}.Debug|Any CPU.ActiveCfg = Debug|Any CPU
		{FDE745F3-79B4-4F9C-829B-B6AE388EF24E}.Debug|Any CPU.Build.0 = Debug|Any CPU
		{FDE745F3-79B4-4F9C-829B-B6AE388EF24E}.Debug|Mixed Platforms.ActiveCfg = Debug|Any CPU
		{FDE745F3-79B4-4F9C-829B-B6AE388EF24E}.Debug|Mixed Platforms.Build.0 = Debug|Any CPU
		{FDE745F3-79B4-4F9C-829B-B6AE388EF24E}.Debug|Win32.ActiveCfg = Debug|Any CPU
		{FDE745F3-79B4-4F9C-829B-B6AE388EF24E}.Release|Any CPU.ActiveCfg = Release|Any CPU
		{FDE745F3-79B4-4F9C-829B-B6AE388EF24E}.Release|Any CPU.Build.0 = Release|Any CPU
		{FDE745F3-79B4-4F9C-829B-B6AE388EF24E}.Release|Mixed Platforms.ActiveCfg = Release|Any CPU
		{FDE745F3-79B4-4F9C-829B-B6AE388EF24E}.Release|Mixed Platforms.Build.0 = Release|Any CPU
		{FDE745F3-79B4-4F9C-829B-B6AE388EF24E}.Release|Win32.ActiveCfg = Release|Any CPU
		{08950175-F6A0-4758-992F-56E85D77ACE8}.Debug|Any CPU.ActiveCfg = Debug|Any CPU
		{08950175-F6A0-4758-992F-56E85D77ACE8}.Debug|Any CPU.Build.0 = Debug|Any CPU
		{08950175-F6A0-4758-992F-56E85D77ACE8}.Debug|Mixed Platforms.ActiveCfg = Debug|Any CPU
		{08950175-F6A0-4758-992F-56E85D77ACE8}.Debug|Mixed Platforms.Build.0 = Debug|Any CPU
		{08950175-F6A0-4758-992F-56E85D77ACE8}.Debug|Win32.ActiveCfg = Debug|Any CPU
		{08950175-F6A0-4758-992F-56E85D77ACE8}.Release|Any CPU.ActiveCfg = Release|Any CPU
		{08950175-F6A0-4758-992F-56E85D77ACE8}.Release|Any CPU.Build.0 = Release|Any CPU
		{08950175-F6A0-4758-992F-56E85D77ACE8}.Release|Mixed Platforms.ActiveCfg = Release|Any CPU
		{08950175-F6A0-4758-992F-56E85D77ACE8}.Release|Mixed Platforms.Build.0 = Release|Any CPU
		{08950175-F6A0-4758-992F-56E85D77ACE8}.Release|Win32.ActiveCfg = Release|Any CPU
		{5B02325A-0066-4E41-AE0A-F97863E66305}.Debug|Any CPU.ActiveCfg = Debug|Any CPU
		{5B02325A-0066-4E41-AE0A-F97863E66305}.Debug|Any CPU.Build.0 = Debug|Any CPU
		{5B02325A-0066-4E41-AE0A-F97863E66305}.Debug|Mixed Platforms.ActiveCfg = Debug|Any CPU
		{5B02325A-0066-4E41-AE0A-F97863E66305}.Debug|Mixed Platforms.Build.0 = Debug|Any CPU
		{5B02325A-0066-4E41-AE0A-F97863E66305}.Debug|Win32.ActiveCfg = Debug|Any CPU
		{5B02325A-0066-4E41-AE0A-F97863E66305}.Release|Any CPU.ActiveCfg = Release|Any CPU
		{5B02325A-0066-4E41-AE0A-F97863E66305}.Release|Any CPU.Build.0 = Release|Any CPU
		{5B02325A-0066-4E41-AE0A-F97863E66305}.Release|Mixed Platforms.ActiveCfg = Release|Any CPU
		{5B02325A-0066-4E41-AE0A-F97863E66305}.Release|Mixed Platforms.Build.0 = Release|Any CPU
		{5B02325A-0066-4E41-AE0A-F97863E66305}.Release|Win32.ActiveCfg = Release|Any CPU
		{A096AA76-6ACF-4117-80E1-B7ABAF11ED26}.Debug|Any CPU.ActiveCfg = Debug|Any CPU
		{A096AA76-6ACF-4117-80E1-B7ABAF11ED26}.Debug|Any CPU.Build.0 = Debug|Any CPU
		{A096AA76-6ACF-4117-80E1-B7ABAF11ED26}.Debug|Mixed Platforms.ActiveCfg = Debug|Any CPU
		{A096AA76-6ACF-4117-80E1-B7ABAF11ED26}.Debug|Mixed Platforms.Build.0 = Debug|Any CPU
		{A096AA76-6ACF-4117-80E1-B7ABAF11ED26}.Debug|Win32.ActiveCfg = Debug|Any CPU
		{A096AA76-6ACF-4117-80E1-B7ABAF11ED26}.Release|Any CPU.ActiveCfg = Release|Any CPU
		{A096AA76-6ACF-4117-80E1-B7ABAF11ED26}.Release|Any CPU.Build.0 = Release|Any CPU
		{A096AA76-6ACF-4117-80E1-B7ABAF11ED26}.Release|Mixed Platforms.ActiveCfg = Release|Any CPU
		{A096AA76-6ACF-4117-80E1-B7ABAF11ED26}.Release|Mixed Platforms.Build.0 = Release|Any CPU
		{A096AA76-6ACF-4117-80E1-B7ABAF11ED26}.Release|Win32.ActiveCfg = Release|Any CPU
		{31AAFF1D-9408-4785-8E7F-B4EA1D6922F8}.Debug|Any CPU.ActiveCfg = Debug|Any CPU
		{31AAFF1D-9408-4785-8E7F-B4EA1D6922F8}.Debug|Any CPU.Build.0 = Debug|Any CPU
		{31AAFF1D-9408-4785-8E7F-B4EA1D6922F8}.Debug|Mixed Platforms.ActiveCfg = Debug|Any CPU
		{31AAFF1D-9408-4785-8E7F-B4EA1D6922F8}.Debug|Mixed Platforms.Build.0 = Debug|Any CPU
		{31AAFF1D-9408-4785-8E7F-B4EA1D6922F8}.Debug|Win32.ActiveCfg = Debug|Any CPU
		{31AAFF1D-9408-4785-8E7F-B4EA1D6922F8}.Release|Any CPU.ActiveCfg = Release|Any CPU
		{31AAFF1D-9408-4785-8E7F-B4EA1D6922F8}.Release|Any CPU.Build.0 = Release|Any CPU
		{31AAFF1D-9408-4785-8E7F-B4EA1D6922F8}.Release|Mixed Platforms.ActiveCfg = Release|Any CPU
		{31AAFF1D-9408-4785-8E7F-B4EA1D6922F8}.Release|Mixed Platforms.Build.0 = Release|Any CPU
		{31AAFF1D-9408-4785-8E7F-B4EA1D6922F8}.Release|Win32.ActiveCfg = Release|Any CPU
		{51998D95-C45C-4420-9FE5-D1DCA4F13C3D}.Debug|Any CPU.ActiveCfg = Debug|Any CPU
		{51998D95-C45C-4420-9FE5-D1DCA4F13C3D}.Debug|Any CPU.Build.0 = Debug|Any CPU
		{51998D95-C45C-4420-9FE5-D1DCA4F13C3D}.Debug|Mixed Platforms.ActiveCfg = Debug|Any CPU
		{51998D95-C45C-4420-9FE5-D1DCA4F13C3D}.Debug|Mixed Platforms.Build.0 = Debug|Any CPU
		{51998D95-C45C-4420-9FE5-D1DCA4F13C3D}.Debug|Win32.ActiveCfg = Debug|Any CPU
		{51998D95-C45C-4420-9FE5-D1DCA4F13C3D}.Release|Any CPU.ActiveCfg = Release|Any CPU
		{51998D95-C45C-4420-9FE5-D1DCA4F13C3D}.Release|Any CPU.Build.0 = Release|Any CPU
		{51998D95-C45C-4420-9FE5-D1DCA4F13C3D}.Release|Mixed Platforms.ActiveCfg = Release|Any CPU
		{51998D95-C45C-4420-9FE5-D1DCA4F13C3D}.Release|Mixed Platforms.Build.0 = Release|Any CPU
		{51998D95-C45C-4420-9FE5-D1DCA4F13C3D}.Release|Win32.ActiveCfg = Release|Any CPU
		{7383169B-C479-4031-908B-905C9AD5E35C}.Debug|Any CPU.ActiveCfg = Debug|Any CPU
		{7383169B-C479-4031-908B-905C9AD5E35C}.Debug|Any CPU.Build.0 = Debug|Any CPU
		{7383169B-C479-4031-908B-905C9AD5E35C}.Debug|Mixed Platforms.ActiveCfg = Debug|Any CPU
		{7383169B-C479-4031-908B-905C9AD5E35C}.Debug|Mixed Platforms.Build.0 = Debug|Any CPU
		{7383169B-C479-4031-908B-905C9AD5E35C}.Debug|Win32.ActiveCfg = Debug|Any CPU
		{7383169B-C479-4031-908B-905C9AD5E35C}.Release|Any CPU.ActiveCfg = Release|Any CPU
		{7383169B-C479-4031-908B-905C9AD5E35C}.Release|Any CPU.Build.0 = Release|Any CPU
		{7383169B-C479-4031-908B-905C9AD5E35C}.Release|Mixed Platforms.ActiveCfg = Release|Any CPU
		{7383169B-C479-4031-908B-905C9AD5E35C}.Release|Mixed Platforms.Build.0 = Release|Any CPU
		{7383169B-C479-4031-908B-905C9AD5E35C}.Release|Win32.ActiveCfg = Release|Any CPU
		{BFA19DD8-2623-422A-90FD-DB1FA68558C6}.Debug|Any CPU.ActiveCfg = Debug|Any CPU
		{BFA19DD8-2623-422A-90FD-DB1FA68558C6}.Debug|Any CPU.Build.0 = Debug|Any CPU
		{BFA19DD8-2623-422A-90FD-DB1FA68558C6}.Debug|Mixed Platforms.ActiveCfg = Debug|Any CPU
		{BFA19DD8-2623-422A-90FD-DB1FA68558C6}.Debug|Mixed Platforms.Build.0 = Debug|Any CPU
		{BFA19DD8-2623-422A-90FD-DB1FA68558C6}.Debug|Win32.ActiveCfg = Debug|Any CPU
		{BFA19DD8-2623-422A-90FD-DB1FA68558C6}.Release|Any CPU.ActiveCfg = Release|Any CPU
		{BFA19DD8-2623-422A-90FD-DB1FA68558C6}.Release|Any CPU.Build.0 = Release|Any CPU
		{BFA19DD8-2623-422A-90FD-DB1FA68558C6}.Release|Mixed Platforms.ActiveCfg = Release|Any CPU
		{BFA19DD8-2623-422A-90FD-DB1FA68558C6}.Release|Mixed Platforms.Build.0 = Release|Any CPU
		{BFA19DD8-2623-422A-90FD-DB1FA68558C6}.Release|Win32.ActiveCfg = Release|Any CPU
		{9FE27532-C45A-466B-9B1C-607D5BC11CDF}.Debug|Any CPU.ActiveCfg = Debug|Any CPU
		{9FE27532-C45A-466B-9B1C-607D5BC11CDF}.Debug|Any CPU.Build.0 = Debug|Any CPU
		{9FE27532-C45A-466B-9B1C-607D5BC11CDF}.Debug|Mixed Platforms.ActiveCfg = Debug|Any CPU
		{9FE27532-C45A-466B-9B1C-607D5BC11CDF}.Debug|Mixed Platforms.Build.0 = Debug|Any CPU
		{9FE27532-C45A-466B-9B1C-607D5BC11CDF}.Debug|Win32.ActiveCfg = Debug|Any CPU
		{9FE27532-C45A-466B-9B1C-607D5BC11CDF}.Release|Any CPU.ActiveCfg = Release|Any CPU
		{9FE27532-C45A-466B-9B1C-607D5BC11CDF}.Release|Any CPU.Build.0 = Release|Any CPU
		{9FE27532-C45A-466B-9B1C-607D5BC11CDF}.Release|Mixed Platforms.ActiveCfg = Release|Any CPU
		{9FE27532-C45A-466B-9B1C-607D5BC11CDF}.Release|Mixed Platforms.Build.0 = Release|Any CPU
		{9FE27532-C45A-466B-9B1C-607D5BC11CDF}.Release|Win32.ActiveCfg = Release|Any CPU
		{1FCAB446-D1E7-4ECB-972B-F7A476A668F2}.Debug|Any CPU.ActiveCfg = Debug|Any CPU
		{1FCAB446-D1E7-4ECB-972B-F7A476A668F2}.Debug|Any CPU.Build.0 = Debug|Any CPU
		{1FCAB446-D1E7-4ECB-972B-F7A476A668F2}.Debug|Mixed Platforms.ActiveCfg = Debug|Any CPU
		{1FCAB446-D1E7-4ECB-972B-F7A476A668F2}.Debug|Mixed Platforms.Build.0 = Debug|Any CPU
		{1FCAB446-D1E7-4ECB-972B-F7A476A668F2}.Debug|Win32.ActiveCfg = Debug|Any CPU
		{1FCAB446-D1E7-4ECB-972B-F7A476A668F2}.Release|Any CPU.ActiveCfg = Release|Any CPU
		{1FCAB446-D1E7-4ECB-972B-F7A476A668F2}.Release|Any CPU.Build.0 = Release|Any CPU
		{1FCAB446-D1E7-4ECB-972B-F7A476A668F2}.Release|Mixed Platforms.ActiveCfg = Release|Any CPU
		{1FCAB446-D1E7-4ECB-972B-F7A476A668F2}.Release|Mixed Platforms.Build.0 = Release|Any CPU
		{1FCAB446-D1E7-4ECB-972B-F7A476A668F2}.Release|Win32.ActiveCfg = Release|Any CPU
		{EFB632AA-1E89-4CD6-B9F0-2BF096EB34A7}.Debug|Any CPU.ActiveCfg = Debug|Any CPU
		{EFB632AA-1E89-4CD6-B9F0-2BF096EB34A7}.Debug|Any CPU.Build.0 = Debug|Any CPU
		{EFB632AA-1E89-4CD6-B9F0-2BF096EB34A7}.Debug|Mixed Platforms.ActiveCfg = Debug|Any CPU
		{EFB632AA-1E89-4CD6-B9F0-2BF096EB34A7}.Debug|Mixed Platforms.Build.0 = Debug|Any CPU
		{EFB632AA-1E89-4CD6-B9F0-2BF096EB34A7}.Debug|Win32.ActiveCfg = Debug|Any CPU
		{EFB632AA-1E89-4CD6-B9F0-2BF096EB34A7}.Release|Any CPU.ActiveCfg = Release|Any CPU
		{EFB632AA-1E89-4CD6-B9F0-2BF096EB34A7}.Release|Any CPU.Build.0 = Release|Any CPU
		{EFB632AA-1E89-4CD6-B9F0-2BF096EB34A7}.Release|Mixed Platforms.ActiveCfg = Release|Any CPU
		{EFB632AA-1E89-4CD6-B9F0-2BF096EB34A7}.Release|Mixed Platforms.Build.0 = Release|Any CPU
		{EFB632AA-1E89-4CD6-B9F0-2BF096EB34A7}.Release|Win32.ActiveCfg = Release|Any CPU
		{A5768271-B18C-44D1-80F2-786575A29F3E}.Debug|Any CPU.ActiveCfg = Debug|Any CPU
		{A5768271-B18C-44D1-80F2-786575A29F3E}.Debug|Any CPU.Build.0 = Debug|Any CPU
		{A5768271-B18C-44D1-80F2-786575A29F3E}.Debug|Mixed Platforms.ActiveCfg = Debug|Any CPU
		{A5768271-B18C-44D1-80F2-786575A29F3E}.Debug|Mixed Platforms.Build.0 = Debug|Any CPU
		{A5768271-B18C-44D1-80F2-786575A29F3E}.Debug|Win32.ActiveCfg = Debug|Any CPU
		{A5768271-B18C-44D1-80F2-786575A29F3E}.Release|Any CPU.ActiveCfg = Release|Any CPU
		{A5768271-B18C-44D1-80F2-786575A29F3E}.Release|Any CPU.Build.0 = Release|Any CPU
		{A5768271-B18C-44D1-80F2-786575A29F3E}.Release|Mixed Platforms.ActiveCfg = Release|Any CPU
		{A5768271-B18C-44D1-80F2-786575A29F3E}.Release|Mixed Platforms.Build.0 = Release|Any CPU
		{A5768271-B18C-44D1-80F2-786575A29F3E}.Release|Win32.ActiveCfg = Release|Any CPU
		{3EC3AC91-FD99-4222-88A3-A5398B0BA33E}.Debug|Any CPU.ActiveCfg = Debug|Any CPU
		{3EC3AC91-FD99-4222-88A3-A5398B0BA33E}.Debug|Any CPU.Build.0 = Debug|Any CPU
		{3EC3AC91-FD99-4222-88A3-A5398B0BA33E}.Debug|Mixed Platforms.ActiveCfg = Debug|Any CPU
		{3EC3AC91-FD99-4222-88A3-A5398B0BA33E}.Debug|Mixed Platforms.Build.0 = Debug|Any CPU
		{3EC3AC91-FD99-4222-88A3-A5398B0BA33E}.Debug|Win32.ActiveCfg = Debug|Any CPU
		{3EC3AC91-FD99-4222-88A3-A5398B0BA33E}.Release|Any CPU.ActiveCfg = Release|Any CPU
		{3EC3AC91-FD99-4222-88A3-A5398B0BA33E}.Release|Any CPU.Build.0 = Release|Any CPU
		{3EC3AC91-FD99-4222-88A3-A5398B0BA33E}.Release|Mixed Platforms.ActiveCfg = Release|Any CPU
		{3EC3AC91-FD99-4222-88A3-A5398B0BA33E}.Release|Mixed Platforms.Build.0 = Release|Any CPU
		{3EC3AC91-FD99-4222-88A3-A5398B0BA33E}.Release|Win32.ActiveCfg = Release|Any CPU
	EndGlobalSection
	GlobalSection(SolutionProperties) = preSolution
		HideSolutionNode = FALSE
	EndGlobalSection
EndGlobal
