Microsoft Visual Studio Solution File, Format Version 12.00
# Visual Studio 2013
VisualStudioVersion = 12.0.40629.0
MinimumVisualStudioVersion = 10.0.40219.1
Project("{F184B08F-C81C-45F6-A57F-5ABD9991F28F}") = "Common", "Common\Common.vbproj", "{9405B1BF-72C2-4A3C-BDB5-44956B723670}"
EndProject
Project("{F184B08F-C81C-45F6-A57F-5ABD9991F28F}") = "CustomControls", "CustomControls\CustomControls.vbproj", "{EBE0EADC-F5A6-4EAF-B395-127B0EDF82F7}"
EndProject
Project("{F184B08F-C81C-45F6-A57F-5ABD9991F28F}") = "HCSP", "HCSP\HCSP.vbproj", "{0B44C732-D4D3-4A00-95C8-298D21BB656D}"
EndProject
Project("{F184B08F-C81C-45F6-A57F-5ABD9991F28F}") = "HCVU", "HCVU\HCVU.vbproj", "{2F37A4CD-9005-4CE6-B01E-CAF243A0B354}"
EndProject
Project("{F184B08F-C81C-45F6-A57F-5ABD9991F28F}") = "ImmDValidation", "ImmDValidation\ImmDValidation.vbproj", "{7093B7DA-2E16-4D8B-AF14-663AB293F5BB}"
EndProject
Project("{F184B08F-C81C-45F6-A57F-5ABD9991F28F}") = "SSOInterfacingLib", "SSOInterfacingLib\SSOInterfacingLib.vbproj", "{B3FFE0DB-E36F-4873-A57A-E8708CB5C453}"
EndProject
Project("{F184B08F-C81C-45F6-A57F-5ABD9991F28F}") = "eForm", "eForm\eForm.vbproj", "{BA70CBA2-7085-43DC-A493-4AA48030ED88}"
EndProject
Project("{F184B08F-C81C-45F6-A57F-5ABD9991F28F}") = "WebControlCaptcha", "WebControlCaptcha\WebControlCaptcha.vbproj", "{03D1C790-162A-4AC0-B33B-634B263C0A63}"
EndProject
Project("{F184B08F-C81C-45F6-A57F-5ABD9991F28F}") = "VoucherBalanceEnquiry", "VoucherBalanceEnquiry\VoucherBalanceEnquiry.vbproj", "{30D5DC0F-1DDA-4BB9-9898-B184E3A010C9}"
EndProject
Project("{F184B08F-C81C-45F6-A57F-5ABD9991F28F}") = "ServiceDirectory", "ServiceDirectory\ServiceDirectory.vbproj", "{B51EEEF9-B767-426E-83E5-AEA7EA83329C}"
EndProject
Project("{F184B08F-C81C-45F6-A57F-5ABD9991F28F}") = "SSODAL", "SSODAL\SSODAL.vbproj", "{3CE13D02-372D-49F8-B377-23FE4B538A87}"
EndProject
Project("{F184B08F-C81C-45F6-A57F-5ABD9991F28F}") = "SSODataType", "SSODataType\SSODataType.vbproj", "{E65E8A79-91F8-4DDD-8B33-8F9DFAD82736}"
EndProject
Project("{F184B08F-C81C-45F6-A57F-5ABD9991F28F}") = "SSOLib", "SSOLib\SSOLib.vbproj", "{CBDD772E-5452-4A30-B683-3F59D4CD6C2C}"
EndProject
Project("{F184B08F-C81C-45F6-A57F-5ABD9991F28F}") = "SSOUtil", "SSOUtil\SSOUtil.vbproj", "{DA1C6063-9549-4914-9A85-5586406BD7E6}"
EndProject
Project("{F184B08F-C81C-45F6-A57F-5ABD9991F28F}") = "UtilizationStat", "UtilizationStat\UtilizationStat.vbproj", "{EC271408-FFFC-46F7-91C7-A84E0631CEAB}"
EndProject
Project("{F184B08F-C81C-45F6-A57F-5ABD9991F28F}") = "ExtractFiles", "ExtractFiles\ExtractFiles.vbproj", "{5EE99FE9-7922-4C82-B63B-82BCAE67AD5D}"
EndProject
Project("{F184B08F-C81C-45F6-A57F-5ABD9991F28F}") = "InternetMail", "InternetMail\InternetMail.vbproj", "{5222B917-48CB-40CD-AE1B-D47CE1DDE842}"
EndProject
Project("{F184B08F-C81C-45F6-A57F-5ABD9991F28F}") = "InterfaceWS", "InterfaceWS\InterfaceWS.vbproj", "{33A121A2-CE6D-4130-A553-FFEB2B799348}"
EndProject
Project("{F184B08F-C81C-45F6-A57F-5ABD9991F28F}") = "ExcelGenerator", "ExcelGenerator\ExcelGenerator.vbproj", "{5DDA2213-996E-4DFE-AEC5-B22158977EFB}"
EndProject
Project("{F184B08F-C81C-45F6-A57F-5ABD9991F28F}") = "DailyZipGenerator", "DailyZipGenerator\DailyZipGenerator.vbproj", "{B5662C5F-8103-4BAF-91C8-DD67475BA215}"
EndProject
Project("{F184B08F-C81C-45F6-A57F-5ABD9991F28F}") = "VoucherStatPreparation", "VoucherStatPreparation\VoucherStatPreparation.vbproj", "{D891C4E5-5407-4D04-8984-445604CBCE7A}"
EndProject
Project("{F184B08F-C81C-45F6-A57F-5ABD9991F28F}") = "CMSHealthCheck", "CMSHealthCheck\CMSHealthCheck.vbproj", "{2EB49AE1-E9F5-48F1-BAE6-F3728310E6ED}"
EndProject
Project("{F184B08F-C81C-45F6-A57F-5ABD9991F28F}") = "CMSLogMonitor", "CMSLogMonitor\CMSLogMonitor.vbproj", "{DF3D7D04-8403-4632-B894-159C36347BE4}"
EndProject
Project("{F184B08F-C81C-45F6-A57F-5ABD9991F28F}") = "CommonScheduleJob", "CommonScheduleJob\CommonScheduleJob.vbproj", "{CF933215-594E-46B7-8E23-04EBAF254377}"
EndProject
Project("{F184B08F-C81C-45F6-A57F-5ABD9991F28F}") = "ConfigDispatcher", "ConfigDispatcher\ConfigDispatcher.vbproj", "{02921080-1E48-4FF9-86F7-CCB9276E77D5}"
EndProject
Project("{F184B08F-C81C-45F6-A57F-5ABD9991F28F}") = "ClearCache", "ClearCache\ClearCache.vbproj", "{814D45D4-8234-4235-806D-6AA539EF8D6B}"
EndProject
Project("{F184B08F-C81C-45F6-A57F-5ABD9991F28F}") = "DeathRecordMatching", "DeathRecordMatching\DeathRecordMatching.vbproj", "{3880B01C-E1C4-477C-8D77-B8BEC04ACE6A}"
EndProject
Project("{F184B08F-C81C-45F6-A57F-5ABD9991F28F}") = "Common.PCD", "Common.PCD\Common.PCD.vbproj", "{C77201B9-E809-4CAE-8A03-48CEE3F4BAD1}"
EndProject
Project("{F184B08F-C81C-45F6-A57F-5ABD9991F28F}") = "ThirdPartyScheduleJob", "ThirdPartyScheduleJob\ThirdPartyScheduleJob.vbproj", "{369ABA44-6510-4BE8-9082-28ED05109B8E}"
EndProject
Project("{F184B08F-C81C-45F6-A57F-5ABD9991F28F}") = "TestWSforPCD", "TestWSforPCD\TestWSforPCD.vbproj", "{A2106A20-653B-4B21-AB9B-E4A05F44276D}"
EndProject
Project("{F184B08F-C81C-45F6-A57F-5ABD9991F28F}") = "GetTSWPatientList", "GetTSWPatientList\GetTSWPatientList.vbproj", "{8B2334A7-4222-4A60-AC47-0AB8F7B6E1AF}"
EndProject
Project("{F184B08F-C81C-45F6-A57F-5ABD9991F28F}") = "SentOutMessage", "SentOutMessage\SentOutMessage.vbproj", "{E2FCC484-4431-4B54-985A-ECDD6BA9E08F}"
EndProject
Project("{F184B08F-C81C-45F6-A57F-5ABD9991F28F}") = "TextGenerator", "TextGenerator\TextGenerator.vbproj", "{97631D7B-FEB5-41C3-8B02-91C03BFA33DD}"
EndProject
Project("{F184B08F-C81C-45F6-A57F-5ABD9991F28F}") = "CMSVaccinationWebServiceEmulator", "CMSVaccinationWebServiceEmulator\CMSVaccinationWebServiceEmulator.vbproj", "{D9AA8BD5-73D9-4B1C-A2B2-C574225EC8FA}"
EndProject
Project("{F184B08F-C81C-45F6-A57F-5ABD9991F28F}") = "VerifierIDEAS", "VerifierIDEAS\VerifierIDEAS.vbproj", "{CFB9BCD1-AB8F-4F93-8F3F-ECF547CBD6ED}"
EndProject
Project("{F184B08F-C81C-45F6-A57F-5ABD9991F28F}") = "SubsidizeWriteOffGenerator", "SubsidizeWriteOffGenerator\SubsidizeWriteOffGenerator.vbproj", "{039084A2-6BE6-4B06-AD2E-AD882B70A9D6}"
EndProject
Project("{8BC9CEB8-8B4A-11D0-8D11-00A0C91BC942}") = "RSAAuthAgent", "RSAAuthAgent\RSAAuthAgent.vcxproj", "{D9DD3B39-BD89-412B-98A3-C62640D3EDCE}"
EndProject
Project("{F184B08F-C81C-45F6-A57F-5ABD9991F28F}") = "RSAAuthManager", "RSAAuthManager\RSAAuthManager.vbproj", "{AA01AC03-4530-4719-AF86-42A39F7487E7}"
EndProject
Project("{F184B08F-C81C-45F6-A57F-5ABD9991F28F}") = "TempVRAcct4LevelAlert", "TempVRAcct4LevelAlert\TempVRAcct4LevelAlert.vbproj", "{9E71C966-9ABA-496A-9697-0E9B570CDA96}"
EndProject
Project("{F184B08F-C81C-45F6-A57F-5ABD9991F28F}") = "EHSVaccinationTester", "EHSVaccinationTester\EHSVaccinationTester.vbproj", "{F742B062-6128-4537-BB6B-B472427966DB}"
EndProject
Project("{F184B08F-C81C-45F6-A57F-5ABD9991F28F}") = "RSAWebService", "RSAWebService\RSAWebService.vbproj", "{BC9B0A3C-E117-438D-9EE6-DDAA62314654}"
EndProject
Project("{F184B08F-C81C-45F6-A57F-5ABD9991F28F}") = "RSAVerifyMigrationData", "RSAVerifyMigrationData\RSAVerifyMigrationData.vbproj", "{4EF92951-10E5-4F63-91BD-E69C53EBC42F}"
EndProject
Project("{F184B08F-C81C-45F6-A57F-5ABD9991F28F}") = "DrillLogWriter", "DrillLogWriter\DrillLogWriter.vbproj", "{FDE745F3-79B4-4F9C-829B-B6AE388EF24E}"
EndProject
Project("{F184B08F-C81C-45F6-A57F-5ABD9991F28F}") = "eHRIntegration", "eHRIntegration\eHRIntegration.vbproj", "{08950175-F6A0-4758-992F-56E85D77ACE8}"
EndProject
Project("{F184B08F-C81C-45F6-A57F-5ABD9991F28F}") = "eHRIntegrationTester", "eHRIntegrationTester\eHRIntegrationTester.vbproj", "{5B02325A-0066-4E41-AE0A-F97863E66305}"
	ProjectSection(ProjectDependencies) = postProject
		{08950175-F6A0-4758-992F-56E85D77ACE8} = {08950175-F6A0-4758-992F-56E85D77ACE8}
	EndProjectSection
EndProject
Project("{F184B08F-C81C-45F6-A57F-5ABD9991F28F}") = "Common.eHRIntegration", "Common.eHRIntegration\Common.eHRIntegration.vbproj", "{A096AA76-6ACF-4117-80E1-B7ABAF11ED26}"
EndProject
Project("{F184B08F-C81C-45F6-A57F-5ABD9991F28F}") = "TokenNotification", "TokenNotification\TokenNotification.vbproj", "{31AAFF1D-9408-4785-8E7F-B4EA1D6922F8}"
EndProject
Project("{F184B08F-C81C-45F6-A57F-5ABD9991F28F}") = "CIMSVaccinationWebServiceEmulator", "CIMSVaccinationWebServiceEmulator\CIMSVaccinationWebServiceEmulator.vbproj", "{51998D95-C45C-4420-9FE5-D1DCA4F13C3D}"
EndProject
Project("{F184B08F-C81C-45F6-A57F-5ABD9991F28F}") = "PCDStatusUpdater", "PCDStatusUpdater\PCDStatusUpdater.vbproj", "{7383169B-C479-4031-908B-905C9AD5E35C}"
EndProject
Project("{F184B08F-C81C-45F6-A57F-5ABD9991F28F}") = "StudentFileChecking", "StudentFileChecking\StudentFileChecking.vbproj", "{BFA19DD8-2623-422A-90FD-DB1FA68558C6}"
EndProject
Project("{F184B08F-C81C-45F6-A57F-5ABD9991F28F}") = "StudentAccountMatching", "StudentAccountMatching\StudentAccountMatching.vbproj", "{9FE27532-C45A-466B-9B1C-607D5BC11CDF}"
EndProject
Project("{F184B08F-C81C-45F6-A57F-5ABD9991F28F}") = "Common.OCSSS", "Common.OCSSS\Common.OCSSS.vbproj", "{1FCAB446-D1E7-4ECB-972B-F7A476A668F2}"
EndProject
Project("{F184B08F-C81C-45F6-A57F-5ABD9991F28F}") = "OCSSSTester", "OCSSSTester\OCSSSTester.vbproj", "{EFB632AA-1E89-4CD6-B9F0-2BF096EB34A7}"
EndProject
Project("{F184B08F-C81C-45F6-A57F-5ABD9991F28F}") = "Public", "Public\Public.vbproj", "{A5768271-B18C-44D1-80F2-786575A29F3E}"
EndProject
Project("{F184B08F-C81C-45F6-A57F-5ABD9991F28F}") = "GenCaptchaSpeechApi", "GenCaptchaSpeechApi\GenCaptchaSpeechApi.vbproj", "{3EC3AC91-FD99-4222-88A3-A5398B0BA33E}"
EndProject
Global
	GlobalSection(SourceCodeControl) = preSolution
		SccNumberOfProjects = 53
		SccProjectUniqueName0 = Common\\Common.vbproj
		SccProjectName0 = \u0022$/EHS2015\u0022,\u0020HBJDAAAA
		SccLocalPath0 = .
		SccProvider0 = MSSCCI:Microsoft\u0020Visual\u0020SourceSafe
		SccProjectFilePathRelativizedFromConnection0 = Common\\
		SccProjectUniqueName1 = CustomControls\\CustomControls.vbproj
		SccProjectName1 = \u0022$/EHS2015/CustomControls\u0022,\u0020KTTDAAAA
		SccLocalPath1 = CustomControls
		SccProvider1 = MSSCCI:Microsoft\u0020Visual\u0020SourceSafe
		SccProjectUniqueName2 = HCSP\\HCSP.vbproj
		SccProjectName2 = \u0022$/EHS2015/HCSP\u0022,\u0020GQPDAAAA
		SccLocalPath2 = HCSP
		SccProvider2 = MSSCCI:Microsoft\u0020Visual\u0020SourceSafe
		SccProjectUniqueName3 = HCVU\\HCVU.vbproj
		SccProjectName3 = \u0022$/EHS2015\u0022,\u0020HBJDAAAA
		SccLocalPath3 = .
		SccProvider3 = MSSCCI:Microsoft\u0020Visual\u0020SourceSafe
		SccProjectFilePathRelativizedFromConnection3 = HCVU\\
		SccProjectUniqueName4 = ImmDValidation\\ImmDValidation.vbproj
		SccProjectName4 = \u0022$/EHS2015/ImmDValidation\u0022,\u0020GILDAAAA
		SccLocalPath4 = ImmDValidation
		SccProvider4 = MSSCCI:Microsoft\u0020Visual\u0020SourceSafe
		SccProjectUniqueName5 = SSOInterfacingLib\\SSOInterfacingLib.vbproj
		SccProjectName5 = \u0022$/EHS2015/SSOInterfacingLib\u0022,\u0020IEKDAAAA
		SccLocalPath5 = SSOInterfacingLib
		SccProvider5 = MSSCCI:Microsoft\u0020Visual\u0020SourceSafe
		SccProjectUniqueName6 = eForm\\eForm.vbproj
		SccProjectName6 = \u0022$/EHS2015\u0022,\u0020HBJDAAAA
		SccLocalPath6 = .
		SccProvider6 = MSSCCI:Microsoft\u0020Visual\u0020SourceSafe
		SccProjectFilePathRelativizedFromConnection6 = eForm\\
		SccProjectUniqueName7 = WebControlCaptcha\\WebControlCaptcha.vbproj
		SccProjectName7 = \u0022$/EHS2015/WebControlCaptcha\u0022,\u0020UFJDAAAA
		SccLocalPath7 = WebControlCaptcha
		SccProvider7 = MSSCCI:Microsoft\u0020Visual\u0020SourceSafe
		SccProjectUniqueName8 = VoucherBalanceEnquiry\\VoucherBalanceEnquiry.vbproj
		SccProjectName8 = \u0022$/EHS2015/VoucherBalanceEnquiry\u0022,\u0020SGJDAAAA
		SccLocalPath8 = VoucherBalanceEnquiry
		SccProvider8 = MSSCCI:Microsoft\u0020Visual\u0020SourceSafe
		SccProjectUniqueName9 = ServiceDirectory\\ServiceDirectory.vbproj
		SccProjectName9 = \u0022$/EHS2015/ServiceDirectory\u0022,\u0020CJKDAAAA
		SccLocalPath9 = ServiceDirectory
		SccProvider9 = MSSCCI:Microsoft\u0020Visual\u0020SourceSafe
		SccProjectUniqueName10 = SSODAL\\SSODAL.vbproj
		SccProjectName10 = \u0022$/EHS2015/SSODAL\u0022,\u0020CEKDAAAA
		SccLocalPath10 = SSODAL
		SccProvider10 = MSSCCI:Microsoft\u0020Visual\u0020SourceSafe
		SccProjectUniqueName11 = SSODataType\\SSODataType.vbproj
		SccProjectName11 = \u0022$/EHS2015/SSODataType\u0022,\u0020FEKDAAAA
		SccLocalPath11 = SSODataType
		SccProvider11 = MSSCCI:Microsoft\u0020Visual\u0020SourceSafe
		SccProjectUniqueName12 = SSOLib\\SSOLib.vbproj
		SccProjectName12 = \u0022$/EHS2015/SSOLib\u0022,\u0020LEKDAAAA
		SccLocalPath12 = SSOLib
		SccProvider12 = MSSCCI:Microsoft\u0020Visual\u0020SourceSafe
		SccProjectUniqueName13 = SSOUtil\\SSOUtil.vbproj
		SccProjectName13 = \u0022$/EHS2015/SSOUtil\u0022,\u0020OEKDAAAA
		SccLocalPath13 = SSOUtil
		SccProvider13 = MSSCCI:Microsoft\u0020Visual\u0020SourceSafe
		SccProjectUniqueName14 = UtilizationStat\\UtilizationStat.vbproj
		SccProjectName14 = \u0022$/EHS2015\u0022,\u0020HBJDAAAA
		SccLocalPath14 = .
		SccProvider14 = MSSCCI:Microsoft\u0020Visual\u0020SourceSafe
		SccProjectFilePathRelativizedFromConnection14 = UtilizationStat\\
		SccProjectUniqueName15 = ExtractFiles\\ExtractFiles.vbproj
		SccProjectName15 = \u0022$/EHS2015/ExtractFiles\u0022,\u0020JUSDAAAA
		SccLocalPath15 = ExtractFiles
		SccProvider15 = MSSCCI:Microsoft\u0020Visual\u0020SourceSafe
		SccProjectUniqueName16 = InternetMail\\InternetMail.vbproj
		SccProjectName16 = \u0022$/EHS2015/InternetMail\u0022,\u0020FGLDAAAA
		SccLocalPath16 = InternetMail
		SccProvider16 = MSSCCI:Microsoft\u0020Visual\u0020SourceSafe
		SccProjectUniqueName17 = InterfaceWS\\InterfaceWS.vbproj
		SccProjectName17 = \u0022$/EHS2015/InterfaceWS\u0022,\u0020ZGLDAAAA
		SccLocalPath17 = InterfaceWS
		SccProvider17 = MSSCCI:Microsoft\u0020Visual\u0020SourceSafe
		SccProjectUniqueName18 = ExcelGenerator\\ExcelGenerator.vbproj
		SccProjectName18 = \u0022$/EHS2015/ExcelGenerator\u0022,\u0020YXSDAAAA
		SccLocalPath18 = ExcelGenerator
		SccProvider18 = MSSCCI:Microsoft\u0020Visual\u0020SourceSafe
		SccProjectUniqueName19 = DailyZipGenerator\\DailyZipGenerator.vbproj
		SccProjectName19 = \u0022$/EHS2015/DailyZipGenerator\u0022,\u0020QSTDAAAA
		SccLocalPath19 = DailyZipGenerator
		SccProvider19 = MSSCCI:Microsoft\u0020Visual\u0020SourceSafe
		SccProjectUniqueName20 = VoucherStatPreparation\\VoucherStatPreparation.vbproj
		SccProjectName20 = \u0022$/EHS2015/VoucherStatPreparation\u0022,\u0020DGJDAAAA
		SccLocalPath20 = VoucherStatPreparation
		SccProvider20 = MSSCCI:Microsoft\u0020Visual\u0020SourceSafe
		SccProjectUniqueName21 = CMSHealthCheck\\CMSHealthCheck.vbproj
		SccProjectName21 = \u0022$/EHS2015/CMSHealthCheck\u0022,\u0020UQUDAAAA
		SccLocalPath21 = CMSHealthCheck
		SccProvider21 = MSSCCI:Microsoft\u0020Visual\u0020SourceSafe
		SccProjectUniqueName22 = CMSLogMonitor\\CMSLogMonitor.vbproj
		SccProjectName22 = \u0022$/EHS2015/CMSLogMonitor\u0022,\u0020FQUDAAAA
		SccLocalPath22 = CMSLogMonitor
		SccProvider22 = MSSCCI:Microsoft\u0020Visual\u0020SourceSafe
		SccProjectUniqueName23 = CommonScheduleJob\\CommonScheduleJob.vbproj
		SccProjectName23 = \u0022$/EHS2015/CommonScheduleJob\u0022,\u0020EVTDAAAA
		SccLocalPath23 = CommonScheduleJob
		SccProvider23 = MSSCCI:Microsoft\u0020Visual\u0020SourceSafe
		SccProjectUniqueName24 = ConfigDispatcher\\ConfigDispatcher.vbproj
		SccProjectName24 = \u0022$/EHS2015/ConfigDispatcher\u0022,\u0020QUTDAAAA
		SccLocalPath24 = ConfigDispatcher
		SccProvider24 = MSSCCI:Microsoft\u0020Visual\u0020SourceSafe
		SccProjectUniqueName25 = ClearCache\\ClearCache.vbproj
		SccProjectName25 = \u0022$/EHS2015/ClearCache\u0022,\u0020PRUDAAAA
		SccLocalPath25 = ClearCache
		SccProvider25 = MSSCCI:Microsoft\u0020Visual\u0020SourceSafe
		SccProjectUniqueName26 = DeathRecordMatching\\DeathRecordMatching.vbproj
		SccProjectName26 = \u0022$/EHS2015/DeathRecordMatching\u0022,\u0020DSTDAAAA
		SccLocalPath26 = DeathRecordMatching
		SccProvider26 = MSSCCI:Microsoft\u0020Visual\u0020SourceSafe
		SccProjectUniqueName27 = Common.PCD\\Common.PCD.vbproj
		SccProjectName27 = \u0022$/EHS2015/Common.PCD\u0022,\u0020XVTDAAAA
		SccLocalPath27 = Common.PCD
		SccProvider27 = MSSCCI:Microsoft\u0020Visual\u0020SourceSafe
		SccProjectUniqueName28 = ThirdPartyScheduleJob\\ThirdPartyScheduleJob.vbproj
		SccProjectName28 = \u0022$/EHS2015/ThirdPartyScheduleJob\u0022,\u0020QAKDAAAA
		SccLocalPath28 = ThirdPartyScheduleJob
		SccProvider28 = MSSCCI:Microsoft\u0020Visual\u0020SourceSafe
		SccProjectUniqueName29 = TestWSforPCD\\TestWSforPCD.vbproj
		SccProjectName29 = \u0022$/EHS2015/TestWSforPCD\u0022,\u0020BCKDAAAA
		SccLocalPath29 = TestWSforPCD
		SccProvider29 = MSSCCI:Microsoft\u0020Visual\u0020SourceSafe
		SccProjectUniqueName30 = GetTSWPatientList\\GetTSWPatientList.vbproj
		SccProjectName30 = \u0022$/EHS2015/GetTSWPatientList\u0022,\u0020MTSDAAAA
		SccLocalPath30 = GetTSWPatientList
		SccProvider30 = MSSCCI:Microsoft\u0020Visual\u0020SourceSafe
		SccProjectUniqueName31 = SentOutMessage\\SentOutMessage.vbproj
		SccProjectName31 = \u0022$/EHS2015/SentOutMessage\u0022,\u0020ZIKDAAAA
		SccLocalPath31 = SentOutMessage
		SccProvider31 = MSSCCI:Microsoft\u0020Visual\u0020SourceSafe
		SccProjectUniqueName32 = TextGenerator\\TextGenerator.vbproj
		SccProjectName32 = \u0022$/EHS2015/TextGenerator\u0022,\u0020GBKDAAAA
		SccLocalPath32 = TextGenerator
		SccProvider32 = MSSCCI:Microsoft\u0020Visual\u0020SourceSafe
		SccProjectUniqueName33 = CMSVaccinationWebServiceEmulator\\CMSVaccinationWebServiceEmulator.vbproj
		SccProjectName33 = \u0022$/EHS2015/CMSVaccinationWebServiceEmulator\u0022,\u0020APUDAAAA
		SccLocalPath33 = CMSVaccinationWebServiceEmulator
		SccProvider33 = MSSCCI:Microsoft\u0020Visual\u0020SourceSafe
		SccProjectUniqueName34 = VerifierIDEAS\\VerifierIDEAS.vbproj
		SccProjectName34 = \u0022$/EHS2015/VerifierIDEAS\u0022,\u0020TUJDAAAA
		SccLocalPath34 = VerifierIDEAS
		SccProvider34 = MSSCCI:Microsoft\u0020Visual\u0020SourceSafe
		SccProjectUniqueName35 = SubsidizeWriteOffGenerator\\SubsidizeWriteOffGenerator.vbproj
		SccProjectName35 = \u0022$/EHS2015/SubsidizeWriteOffGenerator\u0022,\u0020PDKDAAAA
		SccLocalPath35 = SubsidizeWriteOffGenerator
		SccProvider35 = MSSCCI:Microsoft\u0020Visual\u0020SourceSafe
		SccProjectUniqueName36 = RSAAuthAgent\\RSAAuthAgent.vcxproj
		SccProjectName36 = \u0022$/EHS2015\u0022,\u0020HBJDAAAA
		SccLocalPath36 = .
		SccProvider36 = MSSCCI:Microsoft\u0020Visual\u0020SourceSafe
		SccProjectFilePathRelativizedFromConnection36 = RSAAuthAgent\\
		SccProjectUniqueName37 = RSAAuthManager\\RSAAuthManager.vbproj
		SccProjectName37 = \u0022$/EHS2015\u0022,\u0020HBJDAAAA
		SccLocalPath37 = .
		SccProvider37 = MSSCCI:Microsoft\u0020Visual\u0020SourceSafe
		SccProjectFilePathRelativizedFromConnection37 = RSAAuthManager\\
		SccProjectUniqueName38 = TempVRAcct4LevelAlert\\TempVRAcct4LevelAlert.vbproj
		SccProjectName38 = \u0022$/EHS2015/TempVRAcct4LevelAlert\u0022,\u0020YCKDAAAA
		SccLocalPath38 = TempVRAcct4LevelAlert
		SccProvider38 = MSSCCI:Microsoft\u0020Visual\u0020SourceSafe
		SccProjectUniqueName39 = EHSVaccinationTester\\EHSVaccinationTester.vbproj
		SccProjectName39 = \u0022$/EHS2015/EHSVaccinationTester\u0022,\u0020HWUDAAAA
		SccLocalPath39 = EHSVaccinationTester
		SccProvider39 = MSSCCI:Microsoft\u0020Visual\u0020SourceSafe
		SccProjectUniqueName40 = RSAWebService\\RSAWebService.vbproj
		SccProjectName40 = \u0022$/EHS2015/RSAWebService\u0022,\u0020LXAEAAAA
		SccLocalPath40 = RSAWebService
		SccProvider40 = MSSCCI:Microsoft\u0020Visual\u0020SourceSafe
		SccProjectUniqueName41 = RSAVerifyMigrationData\\RSAVerifyMigrationData.vbproj
		SccProjectName41 = \u0022$/EHS2015\u0022,\u0020HBJDAAAA
		SccLocalPath41 = .
		SccProvider41 = MSSCCI:Microsoft\u0020Visual\u0020SourceSafe
		SccProjectFilePathRelativizedFromConnection41 = RSAVerifyMigrationData\\
		SccProjectUniqueName42 = DrillLogWriter\\DrillLogWriter.vbproj
		SccProjectName42 = \u0022$/EHS2015/DrillLogWriter\u0022,\u0020ICBEAAAA
		SccLocalPath42 = DrillLogWriter
		SccProvider42 = MSSCCI:Microsoft\u0020Visual\u0020SourceSafe
		SccProjectUniqueName43 = eHRIntegration\\eHRIntegration.vbproj
		SccProjectName43 = \u0022$/EHS2015/eHRIntegration\u0022,\u0020XKCEAAAA
		SccLocalPath43 = eHRIntegration
		SccProvider43 = MSSCCI:Microsoft\u0020Visual\u0020SourceSafe
		SccProjectUniqueName44 = eHRIntegrationTester\\eHRIntegrationTester.vbproj
		SccProjectName44 = \u0022$/EHS2015/eHRIntegrationTester\u0022,\u0020ALCEAAAA
		SccLocalPath44 = eHRIntegrationTester
		SccProvider44 = MSSCCI:Microsoft\u0020Visual\u0020SourceSafe
		SccProjectUniqueName45 = Common.eHRIntegration\\Common.eHRIntegration.vbproj
		SccProjectName45 = \u0022$/EHS2015/Common.eHRIntegration\u0022,\u0020YICEAAAA
		SccLocalPath45 = Common.eHRIntegration
		SccProvider45 = MSSCCI:Microsoft\u0020Visual\u0020SourceSafe
		SccProjectUniqueName46 = TokenNotification\\TokenNotification.vbproj
		SccProjectName46 = \u0022$/EHS2015/TokenNotification\u0022,\u0020VOCEAAAA
		SccLocalPath46 = TokenNotification
		SccProvider46 = MSSCCI:Microsoft\u0020Visual\u0020SourceSafe
		SccProjectUniqueName47 = CIMSVaccinationWebServiceEmulator\\CIMSVaccinationWebServiceEmulator.vbproj
		SccProjectName47 = \u0022$/EHS2015\u0022,\u0020HBJDAAAA
		SccLocalPath47 = .
		SccProvider47 = MSSCCI:Microsoft\u0020Visual\u0020SourceSafe
		SccProjectFilePathRelativizedFromConnection47 = CIMSVaccinationWebServiceEmulator\\
		SccProjectUniqueName48 = PCDStatusUpdater\\PCDStatusUpdater.vbproj
		SccProjectName48 = \u0022$/EHS2015/PCDStatusUpdater\u0022,\u0020IHDEAAAA
		SccLocalPath48 = PCDStatusUpdater
		SccProvider48 = MSSCCI:Microsoft\u0020Visual\u0020SourceSafe
		SccProjectUniqueName49 = StudentFileChecking\\StudentFileChecking.vbproj
		SccProjectName49 = \u0022$/EHS2015/StudentFileChecking\u0022,\u0020DJDEAAAA
		SccLocalPath49 = StudentFileChecking
		SccProvider49 = MSSCCI:Microsoft\u0020Visual\u0020SourceSafe
		SccProjectUniqueName50 = StudentAccountMatching\\StudentAccountMatching.vbproj
		SccProjectName50 = \u0022$/EHS2015/StudentAccountMatching\u0022,\u0020XJDEAAAA
		SccLocalPath50 = StudentAccountMatching
		SccProvider50 = MSSCCI:Microsoft\u0020Visual\u0020SourceSafe
		SccProjectUniqueName51 = Common.OCSSS\\Common.OCSSS.vbproj
		SccProjectName51 = \u0022$/EHS2015/Common.OCSSS\u0022,\u0020QRDEAAAA
		SccLocalPath51 = Common.OCSSS
		SccProvider51 = MSSCCI:Microsoft\u0020Visual\u0020SourceSafe
		SccProjectUniqueName52 = OCSSSTester\\OCSSSTester.vbproj
		SccProjectName52 = \u0022$/EHS2015/OCSSSTester\u0022,\u0020MSDEAAAA
		SccLocalPath52 = OCSSSTester
		SccProvider52 = MSSCCI:Microsoft\u0020Visual\u0020SourceSafe
	EndGlobalSection
	GlobalSection(SolutionConfigurationPlatforms) = preSolution
		Debug|Any CPU = Debug|Any CPU
		Debug|Mixed Platforms = Debug|Mixed Platforms
		Debug|Win32 = Debug|Win32
		Release|Any CPU = Release|Any CPU
		Release|Mixed Platforms = Release|Mixed Platforms
		Release|Win32 = Release|Win32
	EndGlobalSection
	GlobalSection(ProjectConfigurationPlatforms) = postSolution
		{9405B1BF-72C2-4A3C-BDB5-44956B723670}.Debug|Any CPU.ActiveCfg = Debug|Any CPU
		{9405B1BF-72C2-4A3C-BDB5-44956B723670}.Debug|Any CPU.Build.0 = Debug|Any CPU
		{9405B1BF-72C2-4A3C-BDB5-44956B723670}.Debug|Mixed Platforms.ActiveCfg = Debug|Any CPU
		{9405B1BF-72C2-4A3C-BDB5-44956B723670}.Debug|Mixed Platforms.Build.0 = Debug|Any CPU
		{9405B1BF-72C2-4A3C-BDB5-44956B723670}.Debug|Win32.ActiveCfg = Debug|Any CPU
		{9405B1BF-72C2-4A3C-BDB5-44956B723670}.Release|Any CPU.ActiveCfg = Release|Any CPU
		{9405B1BF-72C2-4A3C-BDB5-44956B723670}.Release|Any CPU.Build.0 = Release|Any CPU
		{9405B1BF-72C2-4A3C-BDB5-44956B723670}.Release|Mixed Platforms.ActiveCfg = Release|Any CPU
		{9405B1BF-72C2-4A3C-BDB5-44956B723670}.Release|Mixed Platforms.Build.0 = Release|Any CPU
		{9405B1BF-72C2-4A3C-BDB5-44956B723670}.Release|Win32.ActiveCfg = Release|Any CPU
		{EBE0EADC-F5A6-4EAF-B395-127B0EDF82F7}.Debug|Any CPU.ActiveCfg = Debug|Any CPU
		{EBE0EADC-F5A6-4EAF-B395-127B0EDF82F7}.Debug|Any CPU.Build.0 = Debug|Any CPU
		{EBE0EADC-F5A6-4EAF-B395-127B0EDF82F7}.Debug|Mixed Platforms.ActiveCfg = Debug|Any CPU
		{EBE0EADC-F5A6-4EAF-B395-127B0EDF82F7}.Debug|Mixed Platforms.Build.0 = Debug|Any CPU
		{EBE0EADC-F5A6-4EAF-B395-127B0EDF82F7}.Debug|Win32.ActiveCfg = Debug|Any CPU
		{EBE0EADC-F5A6-4EAF-B395-127B0EDF82F7}.Release|Any CPU.ActiveCfg = Release|Any CPU
		{EBE0EADC-F5A6-4EAF-B395-127B0EDF82F7}.Release|Any CPU.Build.0 = Release|Any CPU
		{EBE0EADC-F5A6-4EAF-B395-127B0EDF82F7}.Release|Mixed Platforms.ActiveCfg = Release|Any CPU
		{EBE0EADC-F5A6-4EAF-B395-127B0EDF82F7}.Release|Mixed Platforms.Build.0 = Release|Any CPU
		{EBE0EADC-F5A6-4EAF-B395-127B0EDF82F7}.Release|Win32.ActiveCfg = Release|Any CPU
		{0B44C732-D4D3-4A00-95C8-298D21BB656D}.Debug|Any CPU.ActiveCfg = Debug|Any CPU
		{0B44C732-D4D3-4A00-95C8-298D21BB656D}.Debug|Any CPU.Build.0 = Debug|Any CPU
		{0B44C732-D4D3-4A00-95C8-298D21BB656D}.Debug|Mixed Platforms.ActiveCfg = Debug|Any CPU
		{0B44C732-D4D3-4A00-95C8-298D21BB656D}.Debug|Mixed Platforms.Build.0 = Debug|Any CPU
		{0B44C732-D4D3-4A00-95C8-298D21BB656D}.Debug|Win32.ActiveCfg = Debug|Any CPU
		{0B44C732-D4D3-4A00-95C8-298D21BB656D}.Release|Any CPU.ActiveCfg = Release|Any CPU
		{0B44C732-D4D3-4A00-95C8-298D21BB656D}.Release|Any CPU.Build.0 = Release|Any CPU
		{0B44C732-D4D3-4A00-95C8-298D21BB656D}.Release|Mixed Platforms.ActiveCfg = Release|Any CPU
		{0B44C732-D4D3-4A00-95C8-298D21BB656D}.Release|Mixed Platforms.Build.0 = Release|Any CPU
		{0B44C732-D4D3-4A00-95C8-298D21BB656D}.Release|Win32.ActiveCfg = Release|Any CPU
		{2F37A4CD-9005-4CE6-B01E-CAF243A0B354}.Debug|Any CPU.ActiveCfg = Debug|Any CPU
		{2F37A4CD-9005-4CE6-B01E-CAF243A0B354}.Debug|Any CPU.Build.0 = Debug|Any CPU
		{2F37A4CD-9005-4CE6-B01E-CAF243A0B354}.Debug|Mixed Platforms.ActiveCfg = Debug|Any CPU
		{2F37A4CD-9005-4CE6-B01E-CAF243A0B354}.Debug|Mixed Platforms.Build.0 = Debug|Any CPU
		{2F37A4CD-9005-4CE6-B01E-CAF243A0B354}.Debug|Win32.ActiveCfg = Debug|Any CPU
		{2F37A4CD-9005-4CE6-B01E-CAF243A0B354}.Release|Any CPU.ActiveCfg = Release|Any CPU
		{2F37A4CD-9005-4CE6-B01E-CAF243A0B354}.Release|Any CPU.Build.0 = Release|Any CPU
		{2F37A4CD-9005-4CE6-B01E-CAF243A0B354}.Release|Mixed Platforms.ActiveCfg = Release|Any CPU
		{2F37A4CD-9005-4CE6-B01E-CAF243A0B354}.Release|Mixed Platforms.Build.0 = Release|Any CPU
		{2F37A4CD-9005-4CE6-B01E-CAF243A0B354}.Release|Win32.ActiveCfg = Release|Any CPU
		{7093B7DA-2E16-4D8B-AF14-663AB293F5BB}.Debug|Any CPU.ActiveCfg = Debug|Any CPU
		{7093B7DA-2E16-4D8B-AF14-663AB293F5BB}.Debug|Any CPU.Build.0 = Debug|Any CPU
		{7093B7DA-2E16-4D8B-AF14-663AB293F5BB}.Debug|Mixed Platforms.ActiveCfg = Debug|Any CPU
		{7093B7DA-2E16-4D8B-AF14-663AB293F5BB}.Debug|Mixed Platforms.Build.0 = Debug|Any CPU
		{7093B7DA-2E16-4D8B-AF14-663AB293F5BB}.Debug|Win32.ActiveCfg = Debug|Any CPU
		{7093B7DA-2E16-4D8B-AF14-663AB293F5BB}.Release|Any CPU.ActiveCfg = Release|Any CPU
		{7093B7DA-2E16-4D8B-AF14-663AB293F5BB}.Release|Any CPU.Build.0 = Release|Any CPU
		{7093B7DA-2E16-4D8B-AF14-663AB293F5BB}.Release|Mixed Platforms.ActiveCfg = Release|Any CPU
		{7093B7DA-2E16-4D8B-AF14-663AB293F5BB}.Release|Mixed Platforms.Build.0 = Release|Any CPU
		{7093B7DA-2E16-4D8B-AF14-663AB293F5BB}.Release|Win32.ActiveCfg = Release|Any CPU
		{B3FFE0DB-E36F-4873-A57A-E8708CB5C453}.Debug|Any CPU.ActiveCfg = Debug|Any CPU
		{B3FFE0DB-E36F-4873-A57A-E8708CB5C453}.Debug|Any CPU.Build.0 = Debug|Any CPU
		{B3FFE0DB-E36F-4873-A57A-E8708CB5C453}.Debug|Mixed Platforms.ActiveCfg = Debug|Any CPU
		{B3FFE0DB-E36F-4873-A57A-E8708CB5C453}.Debug|Mixed Platforms.Build.0 = Debug|Any CPU
		{B3FFE0DB-E36F-4873-A57A-E8708CB5C453}.Debug|Win32.ActiveCfg = Debug|Any CPU
		{B3FFE0DB-E36F-4873-A57A-E8708CB5C453}.Release|Any CPU.ActiveCfg = Release|Any CPU
		{B3FFE0DB-E36F-4873-A57A-E8708CB5C453}.Release|Any CPU.Build.0 = Release|Any CPU
		{B3FFE0DB-E36F-4873-A57A-E8708CB5C453}.Release|Mixed Platforms.ActiveCfg = Release|Any CPU
		{B3FFE0DB-E36F-4873-A57A-E8708CB5C453}.Release|Mixed Platforms.Build.0 = Release|Any CPU
		{B3FFE0DB-E36F-4873-A57A-E8708CB5C453}.Release|Win32.ActiveCfg = Release|Any CPU
		{BA70CBA2-7085-43DC-A493-4AA48030ED88}.Debug|Any CPU.ActiveCfg = Debug|Any CPU
		{BA70CBA2-7085-43DC-A493-4AA48030ED88}.Debug|Any CPU.Build.0 = Debug|Any CPU
		{BA70CBA2-7085-43DC-A493-4AA48030ED88}.Debug|Mixed Platforms.ActiveCfg = Debug|Any CPU
		{BA70CBA2-7085-43DC-A493-4AA48030ED88}.Debug|Mixed Platforms.Build.0 = Debug|Any CPU
		{BA70CBA2-7085-43DC-A493-4AA48030ED88}.Debug|Win32.ActiveCfg = Debug|Any CPU
		{BA70CBA2-7085-43DC-A493-4AA48030ED88}.Release|Any CPU.ActiveCfg = Release|Any CPU
		{BA70CBA2-7085-43DC-A493-4AA48030ED88}.Release|Any CPU.Build.0 = Release|Any CPU
		{BA70CBA2-7085-43DC-A493-4AA48030ED88}.Release|Mixed Platforms.ActiveCfg = Release|Any CPU
		{BA70CBA2-7085-43DC-A493-4AA48030ED88}.Release|Mixed Platforms.Build.0 = Release|Any CPU
		{BA70CBA2-7085-43DC-A493-4AA48030ED88}.Release|Win32.ActiveCfg = Release|Any CPU
		{03D1C790-162A-4AC0-B33B-634B263C0A63}.Debug|Any CPU.ActiveCfg = Debug|Any CPU
		{03D1C790-162A-4AC0-B33B-634B263C0A63}.Debug|Any CPU.Build.0 = Debug|Any CPU
		{03D1C790-162A-4AC0-B33B-634B263C0A63}.Debug|Mixed Platforms.ActiveCfg = Debug|Any CPU
		{03D1C790-162A-4AC0-B33B-634B263C0A63}.Debug|Mixed Platforms.Build.0 = Debug|Any CPU
		{03D1C790-162A-4AC0-B33B-634B263C0A63}.Debug|Win32.ActiveCfg = Debug|Any CPU
		{03D1C790-162A-4AC0-B33B-634B263C0A63}.Release|Any CPU.ActiveCfg = Release|Any CPU
		{03D1C790-162A-4AC0-B33B-634B263C0A63}.Release|Any CPU.Build.0 = Release|Any CPU
		{03D1C790-162A-4AC0-B33B-634B263C0A63}.Release|Mixed Platforms.ActiveCfg = Release|Any CPU
		{03D1C790-162A-4AC0-B33B-634B263C0A63}.Release|Mixed Platforms.Build.0 = Release|Any CPU
		{03D1C790-162A-4AC0-B33B-634B263C0A63}.Release|Win32.ActiveCfg = Release|Any CPU
		{30D5DC0F-1DDA-4BB9-9898-B184E3A010C9}.Debug|Any CPU.ActiveCfg = Debug|Any CPU
		{30D5DC0F-1DDA-4BB9-9898-B184E3A010C9}.Debug|Any CPU.Build.0 = Debug|Any CPU
		{30D5DC0F-1DDA-4BB9-9898-B184E3A010C9}.Debug|Mixed Platforms.ActiveCfg = Debug|Any CPU
		{30D5DC0F-1DDA-4BB9-9898-B184E3A010C9}.Debug|Mixed Platforms.Build.0 = Debug|Any CPU
		{30D5DC0F-1DDA-4BB9-9898-B184E3A010C9}.Debug|Win32.ActiveCfg = Debug|Any CPU
		{30D5DC0F-1DDA-4BB9-9898-B184E3A010C9}.Release|Any CPU.ActiveCfg = Release|Any CPU
		{30D5DC0F-1DDA-4BB9-9898-B184E3A010C9}.Release|Any CPU.Build.0 = Release|Any CPU
		{30D5DC0F-1DDA-4BB9-9898-B184E3A010C9}.Release|Mixed Platforms.ActiveCfg = Release|Any CPU
		{30D5DC0F-1DDA-4BB9-9898-B184E3A010C9}.Release|Mixed Platforms.Build.0 = Release|Any CPU
		{30D5DC0F-1DDA-4BB9-9898-B184E3A010C9}.Release|Win32.ActiveCfg = Release|Any CPU
		{B51EEEF9-B767-426E-83E5-AEA7EA83329C}.Debug|Any CPU.ActiveCfg = Debug|Any CPU
		{B51EEEF9-B767-426E-83E5-AEA7EA83329C}.Debug|Any CPU.Build.0 = Debug|Any CPU
		{B51EEEF9-B767-426E-83E5-AEA7EA83329C}.Debug|Mixed Platforms.ActiveCfg = Debug|Any CPU
		{B51EEEF9-B767-426E-83E5-AEA7EA83329C}.Debug|Mixed Platforms.Build.0 = Debug|Any CPU
		{B51EEEF9-B767-426E-83E5-AEA7EA83329C}.Debug|Win32.ActiveCfg = Debug|Any CPU
		{B51EEEF9-B767-426E-83E5-AEA7EA83329C}.Release|Any CPU.ActiveCfg = Release|Any CPU
		{B51EEEF9-B767-426E-83E5-AEA7EA83329C}.Release|Any CPU.Build.0 = Release|Any CPU
		{B51EEEF9-B767-426E-83E5-AEA7EA83329C}.Release|Mixed Platforms.ActiveCfg = Release|Any CPU
		{B51EEEF9-B767-426E-83E5-AEA7EA83329C}.Release|Mixed Platforms.Build.0 = Release|Any CPU
		{B51EEEF9-B767-426E-83E5-AEA7EA83329C}.Release|Win32.ActiveCfg = Release|Any CPU
		{3CE13D02-372D-49F8-B377-23FE4B538A87}.Debug|Any CPU.ActiveCfg = Debug|Any CPU
		{3CE13D02-372D-49F8-B377-23FE4B538A87}.Debug|Any CPU.Build.0 = Debug|Any CPU
		{3CE13D02-372D-49F8-B377-23FE4B538A87}.Debug|Mixed Platforms.ActiveCfg = Debug|Any CPU
		{3CE13D02-372D-49F8-B377-23FE4B538A87}.Debug|Mixed Platforms.Build.0 = Debug|Any CPU
		{3CE13D02-372D-49F8-B377-23FE4B538A87}.Debug|Win32.ActiveCfg = Debug|Any CPU
		{3CE13D02-372D-49F8-B377-23FE4B538A87}.Release|Any CPU.ActiveCfg = Release|Any CPU
		{3CE13D02-372D-49F8-B377-23FE4B538A87}.Release|Any CPU.Build.0 = Release|Any CPU
		{3CE13D02-372D-49F8-B377-23FE4B538A87}.Release|Mixed Platforms.ActiveCfg = Release|Any CPU
		{3CE13D02-372D-49F8-B377-23FE4B538A87}.Release|Mixed Platforms.Build.0 = Release|Any CPU
		{3CE13D02-372D-49F8-B377-23FE4B538A87}.Release|Win32.ActiveCfg = Release|Any CPU
		{E65E8A79-91F8-4DDD-8B33-8F9DFAD82736}.Debug|Any CPU.ActiveCfg = Debug|Any CPU
		{E65E8A79-91F8-4DDD-8B33-8F9DFAD82736}.Debug|Any CPU.Build.0 = Debug|Any CPU
		{E65E8A79-91F8-4DDD-8B33-8F9DFAD82736}.Debug|Mixed Platforms.ActiveCfg = Debug|Any CPU
		{E65E8A79-91F8-4DDD-8B33-8F9DFAD82736}.Debug|Mixed Platforms.Build.0 = Debug|Any CPU
		{E65E8A79-91F8-4DDD-8B33-8F9DFAD82736}.Debug|Win32.ActiveCfg = Debug|Any CPU
		{E65E8A79-91F8-4DDD-8B33-8F9DFAD82736}.Release|Any CPU.ActiveCfg = Release|Any CPU
		{E65E8A79-91F8-4DDD-8B33-8F9DFAD82736}.Release|Any CPU.Build.0 = Release|Any CPU
		{E65E8A79-91F8-4DDD-8B33-8F9DFAD82736}.Release|Mixed Platforms.ActiveCfg = Release|Any CPU
		{E65E8A79-91F8-4DDD-8B33-8F9DFAD82736}.Release|Mixed Platforms.Build.0 = Release|Any CPU
		{E65E8A79-91F8-4DDD-8B33-8F9DFAD82736}.Release|Win32.ActiveCfg = Release|Any CPU
		{CBDD772E-5452-4A30-B683-3F59D4CD6C2C}.Debug|Any CPU.ActiveCfg = Debug|Any CPU
		{CBDD772E-5452-4A30-B683-3F59D4CD6C2C}.Debug|Any CPU.Build.0 = Debug|Any CPU
		{CBDD772E-5452-4A30-B683-3F59D4CD6C2C}.Debug|Mixed Platforms.ActiveCfg = Debug|Any CPU
		{CBDD772E-5452-4A30-B683-3F59D4CD6C2C}.Debug|Mixed Platforms.Build.0 = Debug|Any CPU
		{CBDD772E-5452-4A30-B683-3F59D4CD6C2C}.Debug|Win32.ActiveCfg = Debug|Any CPU
		{CBDD772E-5452-4A30-B683-3F59D4CD6C2C}.Release|Any CPU.ActiveCfg = Release|Any CPU
		{CBDD772E-5452-4A30-B683-3F59D4CD6C2C}.Release|Any CPU.Build.0 = Release|Any CPU
		{CBDD772E-5452-4A30-B683-3F59D4CD6C2C}.Release|Mixed Platforms.ActiveCfg = Release|Any CPU
		{CBDD772E-5452-4A30-B683-3F59D4CD6C2C}.Release|Mixed Platforms.Build.0 = Release|Any CPU
		{CBDD772E-5452-4A30-B683-3F59D4CD6C2C}.Release|Win32.ActiveCfg = Release|Any CPU
		{DA1C6063-9549-4914-9A85-5586406BD7E6}.Debug|Any CPU.ActiveCfg = Debug|Any CPU
		{DA1C6063-9549-4914-9A85-5586406BD7E6}.Debug|Any CPU.Build.0 = Debug|Any CPU
		{DA1C6063-9549-4914-9A85-5586406BD7E6}.Debug|Mixed Platforms.ActiveCfg = Debug|Any CPU
		{DA1C6063-9549-4914-9A85-5586406BD7E6}.Debug|Mixed Platforms.Build.0 = Debug|Any CPU
		{DA1C6063-9549-4914-9A85-5586406BD7E6}.Debug|Win32.ActiveCfg = Debug|Any CPU
		{DA1C6063-9549-4914-9A85-5586406BD7E6}.Release|Any CPU.ActiveCfg = Release|Any CPU
		{DA1C6063-9549-4914-9A85-5586406BD7E6}.Release|Any CPU.Build.0 = Release|Any CPU
		{DA1C6063-9549-4914-9A85-5586406BD7E6}.Release|Mixed Platforms.ActiveCfg = Release|Any CPU
		{DA1C6063-9549-4914-9A85-5586406BD7E6}.Release|Mixed Platforms.Build.0 = Release|Any CPU
		{DA1C6063-9549-4914-9A85-5586406BD7E6}.Release|Win32.ActiveCfg = Release|Any CPU
		{EC271408-FFFC-46F7-91C7-A84E0631CEAB}.Debug|Any CPU.ActiveCfg = Debug|Any CPU
		{EC271408-FFFC-46F7-91C7-A84E0631CEAB}.Debug|Any CPU.Build.0 = Debug|Any CPU
		{EC271408-FFFC-46F7-91C7-A84E0631CEAB}.Debug|Mixed Platforms.ActiveCfg = Debug|Any CPU
		{EC271408-FFFC-46F7-91C7-A84E0631CEAB}.Debug|Mixed Platforms.Build.0 = Debug|Any CPU
		{EC271408-FFFC-46F7-91C7-A84E0631CEAB}.Debug|Win32.ActiveCfg = Debug|Any CPU
		{EC271408-FFFC-46F7-91C7-A84E0631CEAB}.Release|Any CPU.ActiveCfg = Release|Any CPU
		{EC271408-FFFC-46F7-91C7-A84E0631CEAB}.Release|Any CPU.Build.0 = Release|Any CPU
		{EC271408-FFFC-46F7-91C7-A84E0631CEAB}.Release|Mixed Platforms.ActiveCfg = Release|Any CPU
		{EC271408-FFFC-46F7-91C7-A84E0631CEAB}.Release|Mixed Platforms.Build.0 = Release|Any CPU
		{EC271408-FFFC-46F7-91C7-A84E0631CEAB}.Release|Win32.ActiveCfg = Release|Any CPU
		{5EE99FE9-7922-4C82-B63B-82BCAE67AD5D}.Debug|Any CPU.ActiveCfg = Debug|Any CPU
		{5EE99FE9-7922-4C82-B63B-82BCAE67AD5D}.Debug|Any CPU.Build.0 = Debug|Any CPU
		{5EE99FE9-7922-4C82-B63B-82BCAE67AD5D}.Debug|Mixed Platforms.ActiveCfg = Debug|Any CPU
		{5EE99FE9-7922-4C82-B63B-82BCAE67AD5D}.Debug|Mixed Platforms.Build.0 = Debug|Any CPU
		{5EE99FE9-7922-4C82-B63B-82BCAE67AD5D}.Debug|Win32.ActiveCfg = Debug|Any CPU
		{5EE99FE9-7922-4C82-B63B-82BCAE67AD5D}.Release|Any CPU.ActiveCfg = Release|Any CPU
		{5EE99FE9-7922-4C82-B63B-82BCAE67AD5D}.Release|Any CPU.Build.0 = Release|Any CPU
		{5EE99FE9-7922-4C82-B63B-82BCAE67AD5D}.Release|Mixed Platforms.ActiveCfg = Release|Any CPU
		{5EE99FE9-7922-4C82-B63B-82BCAE67AD5D}.Release|Mixed Platforms.Build.0 = Release|Any CPU
		{5EE99FE9-7922-4C82-B63B-82BCAE67AD5D}.Release|Win32.ActiveCfg = Release|Any CPU
		{5222B917-48CB-40CD-AE1B-D47CE1DDE842}.Debug|Any CPU.ActiveCfg = Debug|Any CPU
		{5222B917-48CB-40CD-AE1B-D47CE1DDE842}.Debug|Any CPU.Build.0 = Debug|Any CPU
		{5222B917-48CB-40CD-AE1B-D47CE1DDE842}.Debug|Mixed Platforms.ActiveCfg = Debug|Any CPU
		{5222B917-48CB-40CD-AE1B-D47CE1DDE842}.Debug|Mixed Platforms.Build.0 = Debug|Any CPU
		{5222B917-48CB-40CD-AE1B-D47CE1DDE842}.Debug|Win32.ActiveCfg = Debug|Any CPU
		{5222B917-48CB-40CD-AE1B-D47CE1DDE842}.Release|Any CPU.ActiveCfg = Release|Any CPU
		{5222B917-48CB-40CD-AE1B-D47CE1DDE842}.Release|Any CPU.Build.0 = Release|Any CPU
		{5222B917-48CB-40CD-AE1B-D47CE1DDE842}.Release|Mixed Platforms.ActiveCfg = Release|Any CPU
		{5222B917-48CB-40CD-AE1B-D47CE1DDE842}.Release|Mixed Platforms.Build.0 = Release|Any CPU
		{5222B917-48CB-40CD-AE1B-D47CE1DDE842}.Release|Win32.ActiveCfg = Release|Any CPU
		{33A121A2-CE6D-4130-A553-FFEB2B799348}.Debug|Any CPU.ActiveCfg = Debug|Any CPU
		{33A121A2-CE6D-4130-A553-FFEB2B799348}.Debug|Any CPU.Build.0 = Debug|Any CPU
		{33A121A2-CE6D-4130-A553-FFEB2B799348}.Debug|Mixed Platforms.ActiveCfg = Debug|Any CPU
		{33A121A2-CE6D-4130-A553-FFEB2B799348}.Debug|Mixed Platforms.Build.0 = Debug|Any CPU
		{33A121A2-CE6D-4130-A553-FFEB2B799348}.Debug|Win32.ActiveCfg = Debug|Any CPU
		{33A121A2-CE6D-4130-A553-FFEB2B799348}.Release|Any CPU.ActiveCfg = Release|Any CPU
		{33A121A2-CE6D-4130-A553-FFEB2B799348}.Release|Any CPU.Build.0 = Release|Any CPU
		{33A121A2-CE6D-4130-A553-FFEB2B799348}.Release|Mixed Platforms.ActiveCfg = Release|Any CPU
		{33A121A2-CE6D-4130-A553-FFEB2B799348}.Release|Mixed Platforms.Build.0 = Release|Any CPU
		{33A121A2-CE6D-4130-A553-FFEB2B799348}.Release|Win32.ActiveCfg = Release|Any CPU
		{5DDA2213-996E-4DFE-AEC5-B22158977EFB}.Debug|Any CPU.ActiveCfg = Debug|Any CPU
		{5DDA2213-996E-4DFE-AEC5-B22158977EFB}.Debug|Any CPU.Build.0 = Debug|Any CPU
		{5DDA2213-996E-4DFE-AEC5-B22158977EFB}.Debug|Mixed Platforms.ActiveCfg = Debug|Any CPU
		{5DDA2213-996E-4DFE-AEC5-B22158977EFB}.Debug|Mixed Platforms.Build.0 = Debug|Any CPU
		{5DDA2213-996E-4DFE-AEC5-B22158977EFB}.Debug|Win32.ActiveCfg = Debug|Any CPU
		{5DDA2213-996E-4DFE-AEC5-B22158977EFB}.Release|Any CPU.ActiveCfg = Release|Any CPU
		{5DDA2213-996E-4DFE-AEC5-B22158977EFB}.Release|Any CPU.Build.0 = Release|Any CPU
		{5DDA2213-996E-4DFE-AEC5-B22158977EFB}.Release|Mixed Platforms.ActiveCfg = Release|Any CPU
		{5DDA2213-996E-4DFE-AEC5-B22158977EFB}.Release|Mixed Platforms.Build.0 = Release|Any CPU
		{5DDA2213-996E-4DFE-AEC5-B22158977EFB}.Release|Win32.ActiveCfg = Release|Any CPU
		{B5662C5F-8103-4BAF-91C8-DD67475BA215}.Debug|Any CPU.ActiveCfg = Debug|Any CPU
		{B5662C5F-8103-4BAF-91C8-DD67475BA215}.Debug|Any CPU.Build.0 = Debug|Any CPU
		{B5662C5F-8103-4BAF-91C8-DD67475BA215}.Debug|Mixed Platforms.ActiveCfg = Debug|Any CPU
		{B5662C5F-8103-4BAF-91C8-DD67475BA215}.Debug|Mixed Platforms.Build.0 = Debug|Any CPU
		{B5662C5F-8103-4BAF-91C8-DD67475BA215}.Debug|Win32.ActiveCfg = Debug|Any CPU
		{B5662C5F-8103-4BAF-91C8-DD67475BA215}.Release|Any CPU.ActiveCfg = Release|Any CPU
		{B5662C5F-8103-4BAF-91C8-DD67475BA215}.Release|Any CPU.Build.0 = Release|Any CPU
		{B5662C5F-8103-4BAF-91C8-DD67475BA215}.Release|Mixed Platforms.ActiveCfg = Release|Any CPU
		{B5662C5F-8103-4BAF-91C8-DD67475BA215}.Release|Mixed Platforms.Build.0 = Release|Any CPU
		{B5662C5F-8103-4BAF-91C8-DD67475BA215}.Release|Win32.ActiveCfg = Release|Any CPU
		{D891C4E5-5407-4D04-8984-445604CBCE7A}.Debug|Any CPU.ActiveCfg = Debug|Any CPU
		{D891C4E5-5407-4D04-8984-445604CBCE7A}.Debug|Any CPU.Build.0 = Debug|Any CPU
		{D891C4E5-5407-4D04-8984-445604CBCE7A}.Debug|Mixed Platforms.ActiveCfg = Debug|Any CPU
		{D891C4E5-5407-4D04-8984-445604CBCE7A}.Debug|Mixed Platforms.Build.0 = Debug|Any CPU
		{D891C4E5-5407-4D04-8984-445604CBCE7A}.Debug|Win32.ActiveCfg = Debug|Any CPU
		{D891C4E5-5407-4D04-8984-445604CBCE7A}.Release|Any CPU.ActiveCfg = Release|Any CPU
		{D891C4E5-5407-4D04-8984-445604CBCE7A}.Release|Any CPU.Build.0 = Release|Any CPU
		{D891C4E5-5407-4D04-8984-445604CBCE7A}.Release|Mixed Platforms.ActiveCfg = Release|Any CPU
		{D891C4E5-5407-4D04-8984-445604CBCE7A}.Release|Mixed Platforms.Build.0 = Release|Any CPU
		{D891C4E5-5407-4D04-8984-445604CBCE7A}.Release|Win32.ActiveCfg = Release|Any CPU
		{2EB49AE1-E9F5-48F1-BAE6-F3728310E6ED}.Debug|Any CPU.ActiveCfg = Debug|Any CPU
		{2EB49AE1-E9F5-48F1-BAE6-F3728310E6ED}.Debug|Any CPU.Build.0 = Debug|Any CPU
		{2EB49AE1-E9F5-48F1-BAE6-F3728310E6ED}.Debug|Mixed Platforms.ActiveCfg = Debug|Any CPU
		{2EB49AE1-E9F5-48F1-BAE6-F3728310E6ED}.Debug|Mixed Platforms.Build.0 = Debug|Any CPU
		{2EB49AE1-E9F5-48F1-BAE6-F3728310E6ED}.Debug|Win32.ActiveCfg = Debug|Any CPU
		{2EB49AE1-E9F5-48F1-BAE6-F3728310E6ED}.Release|Any CPU.ActiveCfg = Release|Any CPU
		{2EB49AE1-E9F5-48F1-BAE6-F3728310E6ED}.Release|Any CPU.Build.0 = Release|Any CPU
		{2EB49AE1-E9F5-48F1-BAE6-F3728310E6ED}.Release|Mixed Platforms.ActiveCfg = Release|Any CPU
		{2EB49AE1-E9F5-48F1-BAE6-F3728310E6ED}.Release|Mixed Platforms.Build.0 = Release|Any CPU
		{2EB49AE1-E9F5-48F1-BAE6-F3728310E6ED}.Release|Win32.ActiveCfg = Release|Any CPU
		{DF3D7D04-8403-4632-B894-159C36347BE4}.Debug|Any CPU.ActiveCfg = Debug|Any CPU
		{DF3D7D04-8403-4632-B894-159C36347BE4}.Debug|Any CPU.Build.0 = Debug|Any CPU
		{DF3D7D04-8403-4632-B894-159C36347BE4}.Debug|Mixed Platforms.ActiveCfg = Debug|Any CPU
		{DF3D7D04-8403-4632-B894-159C36347BE4}.Debug|Mixed Platforms.Build.0 = Debug|Any CPU
		{DF3D7D04-8403-4632-B894-159C36347BE4}.Debug|Win32.ActiveCfg = Debug|Any CPU
		{DF3D7D04-8403-4632-B894-159C36347BE4}.Release|Any CPU.ActiveCfg = Release|Any CPU
		{DF3D7D04-8403-4632-B894-159C36347BE4}.Release|Any CPU.Build.0 = Release|Any CPU
		{DF3D7D04-8403-4632-B894-159C36347BE4}.Release|Mixed Platforms.ActiveCfg = Release|Any CPU
		{DF3D7D04-8403-4632-B894-159C36347BE4}.Release|Mixed Platforms.Build.0 = Release|Any CPU
		{DF3D7D04-8403-4632-B894-159C36347BE4}.Release|Win32.ActiveCfg = Release|Any CPU
		{CF933215-594E-46B7-8E23-04EBAF254377}.Debug|Any CPU.ActiveCfg = Debug|Any CPU
		{CF933215-594E-46B7-8E23-04EBAF254377}.Debug|Any CPU.Build.0 = Debug|Any CPU
		{CF933215-594E-46B7-8E23-04EBAF254377}.Debug|Mixed Platforms.ActiveCfg = Debug|Any CPU
		{CF933215-594E-46B7-8E23-04EBAF254377}.Debug|Mixed Platforms.Build.0 = Debug|Any CPU
		{CF933215-594E-46B7-8E23-04EBAF254377}.Debug|Win32.ActiveCfg = Debug|Any CPU
		{CF933215-594E-46B7-8E23-04EBAF254377}.Release|Any CPU.ActiveCfg = Release|Any CPU
		{CF933215-594E-46B7-8E23-04EBAF254377}.Release|Any CPU.Build.0 = Release|Any CPU
		{CF933215-594E-46B7-8E23-04EBAF254377}.Release|Mixed Platforms.ActiveCfg = Release|Any CPU
		{CF933215-594E-46B7-8E23-04EBAF254377}.Release|Mixed Platforms.Build.0 = Release|Any CPU
		{CF933215-594E-46B7-8E23-04EBAF254377}.Release|Win32.ActiveCfg = Release|Any CPU
		{02921080-1E48-4FF9-86F7-CCB9276E77D5}.Debug|Any CPU.ActiveCfg = Debug|Any CPU
		{02921080-1E48-4FF9-86F7-CCB9276E77D5}.Debug|Any CPU.Build.0 = Debug|Any CPU
		{02921080-1E48-4FF9-86F7-CCB9276E77D5}.Debug|Mixed Platforms.ActiveCfg = Debug|Any CPU
		{02921080-1E48-4FF9-86F7-CCB9276E77D5}.Debug|Mixed Platforms.Build.0 = Debug|Any CPU
		{02921080-1E48-4FF9-86F7-CCB9276E77D5}.Debug|Win32.ActiveCfg = Debug|Any CPU
		{02921080-1E48-4FF9-86F7-CCB9276E77D5}.Release|Any CPU.ActiveCfg = Release|Any CPU
		{02921080-1E48-4FF9-86F7-CCB9276E77D5}.Release|Any CPU.Build.0 = Release|Any CPU
		{02921080-1E48-4FF9-86F7-CCB9276E77D5}.Release|Mixed Platforms.ActiveCfg = Release|Any CPU
		{02921080-1E48-4FF9-86F7-CCB9276E77D5}.Release|Mixed Platforms.Build.0 = Release|Any CPU
		{02921080-1E48-4FF9-86F7-CCB9276E77D5}.Release|Win32.ActiveCfg = Release|Any CPU
		{814D45D4-8234-4235-806D-6AA539EF8D6B}.Debug|Any CPU.ActiveCfg = Debug|Any CPU
		{814D45D4-8234-4235-806D-6AA539EF8D6B}.Debug|Any CPU.Build.0 = Debug|Any CPU
		{814D45D4-8234-4235-806D-6AA539EF8D6B}.Debug|Mixed Platforms.ActiveCfg = Debug|Any CPU
		{814D45D4-8234-4235-806D-6AA539EF8D6B}.Debug|Mixed Platforms.Build.0 = Debug|Any CPU
		{814D45D4-8234-4235-806D-6AA539EF8D6B}.Debug|Win32.ActiveCfg = Debug|Any CPU
		{814D45D4-8234-4235-806D-6AA539EF8D6B}.Release|Any CPU.ActiveCfg = Release|Any CPU
		{814D45D4-8234-4235-806D-6AA539EF8D6B}.Release|Any CPU.Build.0 = Release|Any CPU
		{814D45D4-8234-4235-806D-6AA539EF8D6B}.Release|Mixed Platforms.ActiveCfg = Release|Any CPU
		{814D45D4-8234-4235-806D-6AA539EF8D6B}.Release|Mixed Platforms.Build.0 = Release|Any CPU
		{814D45D4-8234-4235-806D-6AA539EF8D6B}.Release|Win32.ActiveCfg = Release|Any CPU
		{3880B01C-E1C4-477C-8D77-B8BEC04ACE6A}.Debug|Any CPU.ActiveCfg = Debug|Any CPU
		{3880B01C-E1C4-477C-8D77-B8BEC04ACE6A}.Debug|Any CPU.Build.0 = Debug|Any CPU
		{3880B01C-E1C4-477C-8D77-B8BEC04ACE6A}.Debug|Mixed Platforms.ActiveCfg = Debug|Any CPU
		{3880B01C-E1C4-477C-8D77-B8BEC04ACE6A}.Debug|Mixed Platforms.Build.0 = Debug|Any CPU
		{3880B01C-E1C4-477C-8D77-B8BEC04ACE6A}.Debug|Win32.ActiveCfg = Debug|Any CPU
		{3880B01C-E1C4-477C-8D77-B8BEC04ACE6A}.Release|Any CPU.ActiveCfg = Release|Any CPU
		{3880B01C-E1C4-477C-8D77-B8BEC04ACE6A}.Release|Any CPU.Build.0 = Release|Any CPU
		{3880B01C-E1C4-477C-8D77-B8BEC04ACE6A}.Release|Mixed Platforms.ActiveCfg = Release|Any CPU
		{3880B01C-E1C4-477C-8D77-B8BEC04ACE6A}.Release|Mixed Platforms.Build.0 = Release|Any CPU
		{3880B01C-E1C4-477C-8D77-B8BEC04ACE6A}.Release|Win32.ActiveCfg = Release|Any CPU
		{C77201B9-E809-4CAE-8A03-48CEE3F4BAD1}.Debug|Any CPU.ActiveCfg = Debug|Any CPU
		{C77201B9-E809-4CAE-8A03-48CEE3F4BAD1}.Debug|Any CPU.Build.0 = Debug|Any CPU
		{C77201B9-E809-4CAE-8A03-48CEE3F4BAD1}.Debug|Mixed Platforms.ActiveCfg = Debug|Any CPU
		{C77201B9-E809-4CAE-8A03-48CEE3F4BAD1}.Debug|Mixed Platforms.Build.0 = Debug|Any CPU
		{C77201B9-E809-4CAE-8A03-48CEE3F4BAD1}.Debug|Win32.ActiveCfg = Debug|Any CPU
		{C77201B9-E809-4CAE-8A03-48CEE3F4BAD1}.Release|Any CPU.ActiveCfg = Release|Any CPU
		{C77201B9-E809-4CAE-8A03-48CEE3F4BAD1}.Release|Any CPU.Build.0 = Release|Any CPU
		{C77201B9-E809-4CAE-8A03-48CEE3F4BAD1}.Release|Mixed Platforms.ActiveCfg = Release|Any CPU
		{C77201B9-E809-4CAE-8A03-48CEE3F4BAD1}.Release|Mixed Platforms.Build.0 = Release|Any CPU
		{C77201B9-E809-4CAE-8A03-48CEE3F4BAD1}.Release|Win32.ActiveCfg = Release|Any CPU
		{369ABA44-6510-4BE8-9082-28ED05109B8E}.Debug|Any CPU.ActiveCfg = Debug|Any CPU
		{369ABA44-6510-4BE8-9082-28ED05109B8E}.Debug|Any CPU.Build.0 = Debug|Any CPU
		{369ABA44-6510-4BE8-9082-28ED05109B8E}.Debug|Mixed Platforms.ActiveCfg = Debug|Any CPU
		{369ABA44-6510-4BE8-9082-28ED05109B8E}.Debug|Mixed Platforms.Build.0 = Debug|Any CPU
		{369ABA44-6510-4BE8-9082-28ED05109B8E}.Debug|Win32.ActiveCfg = Debug|Any CPU
		{369ABA44-6510-4BE8-9082-28ED05109B8E}.Release|Any CPU.ActiveCfg = Release|Any CPU
		{369ABA44-6510-4BE8-9082-28ED05109B8E}.Release|Any CPU.Build.0 = Release|Any CPU
		{369ABA44-6510-4BE8-9082-28ED05109B8E}.Release|Mixed Platforms.ActiveCfg = Release|Any CPU
		{369ABA44-6510-4BE8-9082-28ED05109B8E}.Release|Mixed Platforms.Build.0 = Release|Any CPU
		{369ABA44-6510-4BE8-9082-28ED05109B8E}.Release|Win32.ActiveCfg = Release|Any CPU
		{A2106A20-653B-4B21-AB9B-E4A05F44276D}.Debug|Any CPU.ActiveCfg = Debug|Any CPU
		{A2106A20-653B-4B21-AB9B-E4A05F44276D}.Debug|Any CPU.Build.0 = Debug|Any CPU
		{A2106A20-653B-4B21-AB9B-E4A05F44276D}.Debug|Mixed Platforms.ActiveCfg = Debug|Any CPU
		{A2106A20-653B-4B21-AB9B-E4A05F44276D}.Debug|Mixed Platforms.Build.0 = Debug|Any CPU
		{A2106A20-653B-4B21-AB9B-E4A05F44276D}.Debug|Win32.ActiveCfg = Debug|Any CPU
		{A2106A20-653B-4B21-AB9B-E4A05F44276D}.Release|Any CPU.ActiveCfg = Release|Any CPU
		{A2106A20-653B-4B21-AB9B-E4A05F44276D}.Release|Any CPU.Build.0 = Release|Any CPU
		{A2106A20-653B-4B21-AB9B-E4A05F44276D}.Release|Mixed Platforms.ActiveCfg = Release|Any CPU
		{A2106A20-653B-4B21-AB9B-E4A05F44276D}.Release|Mixed Platforms.Build.0 = Release|Any CPU
		{A2106A20-653B-4B21-AB9B-E4A05F44276D}.Release|Win32.ActiveCfg = Release|Any CPU
		{8B2334A7-4222-4A60-AC47-0AB8F7B6E1AF}.Debug|Any CPU.ActiveCfg = Debug|Any CPU
		{8B2334A7-4222-4A60-AC47-0AB8F7B6E1AF}.Debug|Any CPU.Build.0 = Debug|Any CPU
		{8B2334A7-4222-4A60-AC47-0AB8F7B6E1AF}.Debug|Mixed Platforms.ActiveCfg = Debug|Any CPU
		{8B2334A7-4222-4A60-AC47-0AB8F7B6E1AF}.Debug|Mixed Platforms.Build.0 = Debug|Any CPU
		{8B2334A7-4222-4A60-AC47-0AB8F7B6E1AF}.Debug|Win32.ActiveCfg = Debug|Any CPU
		{8B2334A7-4222-4A60-AC47-0AB8F7B6E1AF}.Release|Any CPU.ActiveCfg = Release|Any CPU
		{8B2334A7-4222-4A60-AC47-0AB8F7B6E1AF}.Release|Any CPU.Build.0 = Release|Any CPU
		{8B2334A7-4222-4A60-AC47-0AB8F7B6E1AF}.Release|Mixed Platforms.ActiveCfg = Release|Any CPU
		{8B2334A7-4222-4A60-AC47-0AB8F7B6E1AF}.Release|Mixed Platforms.Build.0 = Release|Any CPU
		{8B2334A7-4222-4A60-AC47-0AB8F7B6E1AF}.Release|Win32.ActiveCfg = Release|Any CPU
		{E2FCC484-4431-4B54-985A-ECDD6BA9E08F}.Debug|Any CPU.ActiveCfg = Debug|Any CPU
		{E2FCC484-4431-4B54-985A-ECDD6BA9E08F}.Debug|Any CPU.Build.0 = Debug|Any CPU
		{E2FCC484-4431-4B54-985A-ECDD6BA9E08F}.Debug|Mixed Platforms.ActiveCfg = Debug|Any CPU
		{E2FCC484-4431-4B54-985A-ECDD6BA9E08F}.Debug|Mixed Platforms.Build.0 = Debug|Any CPU
		{E2FCC484-4431-4B54-985A-ECDD6BA9E08F}.Debug|Win32.ActiveCfg = Debug|Any CPU
		{E2FCC484-4431-4B54-985A-ECDD6BA9E08F}.Release|Any CPU.ActiveCfg = Release|Any CPU
		{E2FCC484-4431-4B54-985A-ECDD6BA9E08F}.Release|Any CPU.Build.0 = Release|Any CPU
		{E2FCC484-4431-4B54-985A-ECDD6BA9E08F}.Release|Mixed Platforms.ActiveCfg = Release|Any CPU
		{E2FCC484-4431-4B54-985A-ECDD6BA9E08F}.Release|Mixed Platforms.Build.0 = Release|Any CPU
		{E2FCC484-4431-4B54-985A-ECDD6BA9E08F}.Release|Win32.ActiveCfg = Release|Any CPU
		{97631D7B-FEB5-41C3-8B02-91C03BFA33DD}.Debug|Any CPU.ActiveCfg = Debug|Any CPU
		{97631D7B-FEB5-41C3-8B02-91C03BFA33DD}.Debug|Any CPU.Build.0 = Debug|Any CPU
		{97631D7B-FEB5-41C3-8B02-91C03BFA33DD}.Debug|Mixed Platforms.ActiveCfg = Debug|Any CPU
		{97631D7B-FEB5-41C3-8B02-91C03BFA33DD}.Debug|Mixed Platforms.Build.0 = Debug|Any CPU
		{97631D7B-FEB5-41C3-8B02-91C03BFA33DD}.Debug|Win32.ActiveCfg = Debug|Any CPU
		{97631D7B-FEB5-41C3-8B02-91C03BFA33DD}.Release|Any CPU.ActiveCfg = Release|Any CPU
		{97631D7B-FEB5-41C3-8B02-91C03BFA33DD}.Release|Any CPU.Build.0 = Release|Any CPU
		{97631D7B-FEB5-41C3-8B02-91C03BFA33DD}.Release|Mixed Platforms.ActiveCfg = Release|Any CPU
		{97631D7B-FEB5-41C3-8B02-91C03BFA33DD}.Release|Mixed Platforms.Build.0 = Release|Any CPU
		{97631D7B-FEB5-41C3-8B02-91C03BFA33DD}.Release|Win32.ActiveCfg = Release|Any CPU
		{D9AA8BD5-73D9-4B1C-A2B2-C574225EC8FA}.Debug|Any CPU.ActiveCfg = Debug|Any CPU
		{D9AA8BD5-73D9-4B1C-A2B2-C574225EC8FA}.Debug|Any CPU.Build.0 = Debug|Any CPU
		{D9AA8BD5-73D9-4B1C-A2B2-C574225EC8FA}.Debug|Mixed Platforms.ActiveCfg = Debug|Any CPU
		{D9AA8BD5-73D9-4B1C-A2B2-C574225EC8FA}.Debug|Mixed Platforms.Build.0 = Debug|Any CPU
		{D9AA8BD5-73D9-4B1C-A2B2-C574225EC8FA}.Debug|Win32.ActiveCfg = Debug|Any CPU
		{D9AA8BD5-73D9-4B1C-A2B2-C574225EC8FA}.Release|Any CPU.ActiveCfg = Release|Any CPU
		{D9AA8BD5-73D9-4B1C-A2B2-C574225EC8FA}.Release|Any CPU.Build.0 = Release|Any CPU
		{D9AA8BD5-73D9-4B1C-A2B2-C574225EC8FA}.Release|Mixed Platforms.ActiveCfg = Release|Any CPU
		{D9AA8BD5-73D9-4B1C-A2B2-C574225EC8FA}.Release|Mixed Platforms.Build.0 = Release|Any CPU
		{D9AA8BD5-73D9-4B1C-A2B2-C574225EC8FA}.Release|Win32.ActiveCfg = Release|Any CPU
		{CFB9BCD1-AB8F-4F93-8F3F-ECF547CBD6ED}.Debug|Any CPU.ActiveCfg = Debug|Any CPU
		{CFB9BCD1-AB8F-4F93-8F3F-ECF547CBD6ED}.Debug|Any CPU.Build.0 = Debug|Any CPU
		{CFB9BCD1-AB8F-4F93-8F3F-ECF547CBD6ED}.Debug|Mixed Platforms.ActiveCfg = Debug|Any CPU
		{CFB9BCD1-AB8F-4F93-8F3F-ECF547CBD6ED}.Debug|Mixed Platforms.Build.0 = Debug|Any CPU
		{CFB9BCD1-AB8F-4F93-8F3F-ECF547CBD6ED}.Debug|Win32.ActiveCfg = Debug|Any CPU
		{CFB9BCD1-AB8F-4F93-8F3F-ECF547CBD6ED}.Release|Any CPU.ActiveCfg = Release|Any CPU
		{CFB9BCD1-AB8F-4F93-8F3F-ECF547CBD6ED}.Release|Any CPU.Build.0 = Release|Any CPU
		{CFB9BCD1-AB8F-4F93-8F3F-ECF547CBD6ED}.Release|Mixed Platforms.ActiveCfg = Release|Any CPU
		{CFB9BCD1-AB8F-4F93-8F3F-ECF547CBD6ED}.Release|Mixed Platforms.Build.0 = Release|Any CPU
		{CFB9BCD1-AB8F-4F93-8F3F-ECF547CBD6ED}.Release|Win32.ActiveCfg = Release|Any CPU
		{039084A2-6BE6-4B06-AD2E-AD882B70A9D6}.Debug|Any CPU.ActiveCfg = Debug|Any CPU
		{039084A2-6BE6-4B06-AD2E-AD882B70A9D6}.Debug|Any CPU.Build.0 = Debug|Any CPU
		{039084A2-6BE6-4B06-AD2E-AD882B70A9D6}.Debug|Mixed Platforms.ActiveCfg = Debug|Any CPU
		{039084A2-6BE6-4B06-AD2E-AD882B70A9D6}.Debug|Mixed Platforms.Build.0 = Debug|Any CPU
		{039084A2-6BE6-4B06-AD2E-AD882B70A9D6}.Debug|Win32.ActiveCfg = Debug|Any CPU
		{039084A2-6BE6-4B06-AD2E-AD882B70A9D6}.Release|Any CPU.ActiveCfg = Release|Any CPU
		{039084A2-6BE6-4B06-AD2E-AD882B70A9D6}.Release|Any CPU.Build.0 = Release|Any CPU
		{039084A2-6BE6-4B06-AD2E-AD882B70A9D6}.Release|Mixed Platforms.ActiveCfg = Release|Any CPU
		{039084A2-6BE6-4B06-AD2E-AD882B70A9D6}.Release|Mixed Platforms.Build.0 = Release|Any CPU
		{039084A2-6BE6-4B06-AD2E-AD882B70A9D6}.Release|Win32.ActiveCfg = Release|Any CPU
		{D9DD3B39-BD89-412B-98A3-C62640D3EDCE}.Debug|Any CPU.ActiveCfg = Debug|Win32
		{D9DD3B39-BD89-412B-98A3-C62640D3EDCE}.Debug|Mixed Platforms.ActiveCfg = Debug|Win32
		{D9DD3B39-BD89-412B-98A3-C62640D3EDCE}.Debug|Mixed Platforms.Build.0 = Debug|Win32
		{D9DD3B39-BD89-412B-98A3-C62640D3EDCE}.Debug|Win32.ActiveCfg = Debug|Win32
		{D9DD3B39-BD89-412B-98A3-C62640D3EDCE}.Debug|Win32.Build.0 = Debug|Win32
		{D9DD3B39-BD89-412B-98A3-C62640D3EDCE}.Release|Any CPU.ActiveCfg = Release|Win32
		{D9DD3B39-BD89-412B-98A3-C62640D3EDCE}.Release|Mixed Platforms.ActiveCfg = Release|Win32
		{D9DD3B39-BD89-412B-98A3-C62640D3EDCE}.Release|Mixed Platforms.Build.0 = Release|Win32
		{D9DD3B39-BD89-412B-98A3-C62640D3EDCE}.Release|Win32.ActiveCfg = Release|Win32
		{D9DD3B39-BD89-412B-98A3-C62640D3EDCE}.Release|Win32.Build.0 = Release|Win32
		{AA01AC03-4530-4719-AF86-42A39F7487E7}.Debug|Any CPU.ActiveCfg = Debug|Any CPU
		{AA01AC03-4530-4719-AF86-42A39F7487E7}.Debug|Any CPU.Build.0 = Debug|Any CPU
		{AA01AC03-4530-4719-AF86-42A39F7487E7}.Debug|Mixed Platforms.ActiveCfg = Debug|Any CPU
		{AA01AC03-4530-4719-AF86-42A39F7487E7}.Debug|Mixed Platforms.Build.0 = Debug|Any CPU
		{AA01AC03-4530-4719-AF86-42A39F7487E7}.Debug|Win32.ActiveCfg = Debug|Any CPU
		{AA01AC03-4530-4719-AF86-42A39F7487E7}.Release|Any CPU.ActiveCfg = Release|Any CPU
		{AA01AC03-4530-4719-AF86-42A39F7487E7}.Release|Any CPU.Build.0 = Release|Any CPU
		{AA01AC03-4530-4719-AF86-42A39F7487E7}.Release|Mixed Platforms.ActiveCfg = Release|Any CPU
		{AA01AC03-4530-4719-AF86-42A39F7487E7}.Release|Mixed Platforms.Build.0 = Release|Any CPU
		{AA01AC03-4530-4719-AF86-42A39F7487E7}.Release|Win32.ActiveCfg = Release|Any CPU
		{9E71C966-9ABA-496A-9697-0E9B570CDA96}.Debug|Any CPU.ActiveCfg = Debug|Any CPU
		{9E71C966-9ABA-496A-9697-0E9B570CDA96}.Debug|Any CPU.Build.0 = Debug|Any CPU
		{9E71C966-9ABA-496A-9697-0E9B570CDA96}.Debug|Mixed Platforms.ActiveCfg = Debug|Any CPU
		{9E71C966-9ABA-496A-9697-0E9B570CDA96}.Debug|Mixed Platforms.Build.0 = Debug|Any CPU
		{9E71C966-9ABA-496A-9697-0E9B570CDA96}.Debug|Win32.ActiveCfg = Debug|Any CPU
		{9E71C966-9ABA-496A-9697-0E9B570CDA96}.Release|Any CPU.ActiveCfg = Release|Any CPU
		{9E71C966-9ABA-496A-9697-0E9B570CDA96}.Release|Any CPU.Build.0 = Release|Any CPU
		{9E71C966-9ABA-496A-9697-0E9B570CDA96}.Release|Mixed Platforms.ActiveCfg = Release|Any CPU
		{9E71C966-9ABA-496A-9697-0E9B570CDA96}.Release|Mixed Platforms.Build.0 = Release|Any CPU
		{9E71C966-9ABA-496A-9697-0E9B570CDA96}.Release|Win32.ActiveCfg = Release|Any CPU
		{F742B062-6128-4537-BB6B-B472427966DB}.Debug|Any CPU.ActiveCfg = Debug|Any CPU
		{F742B062-6128-4537-BB6B-B472427966DB}.Debug|Any CPU.Build.0 = Debug|Any CPU
		{F742B062-6128-4537-BB6B-B472427966DB}.Debug|Mixed Platforms.ActiveCfg = Debug|Any CPU
		{F742B062-6128-4537-BB6B-B472427966DB}.Debug|Mixed Platforms.Build.0 = Debug|Any CPU
		{F742B062-6128-4537-BB6B-B472427966DB}.Debug|Win32.ActiveCfg = Debug|Any CPU
		{F742B062-6128-4537-BB6B-B472427966DB}.Release|Any CPU.ActiveCfg = Release|Any CPU
		{F742B062-6128-4537-BB6B-B472427966DB}.Release|Any CPU.Build.0 = Release|Any CPU
		{F742B062-6128-4537-BB6B-B472427966DB}.Release|Mixed Platforms.ActiveCfg = Release|Any CPU
		{F742B062-6128-4537-BB6B-B472427966DB}.Release|Mixed Platforms.Build.0 = Release|Any CPU
		{F742B062-6128-4537-BB6B-B472427966DB}.Release|Win32.ActiveCfg = Release|Any CPU
		{BC9B0A3C-E117-438D-9EE6-DDAA62314654}.Debug|Any CPU.ActiveCfg = Debug|Any CPU
		{BC9B0A3C-E117-438D-9EE6-DDAA62314654}.Debug|Any CPU.Build.0 = Debug|Any CPU
		{BC9B0A3C-E117-438D-9EE6-DDAA62314654}.Debug|Mixed Platforms.ActiveCfg = Debug|Any CPU
		{BC9B0A3C-E117-438D-9EE6-DDAA62314654}.Debug|Mixed Platforms.Build.0 = Debug|Any CPU
		{BC9B0A3C-E117-438D-9EE6-DDAA62314654}.Debug|Win32.ActiveCfg = Debug|Any CPU
		{BC9B0A3C-E117-438D-9EE6-DDAA62314654}.Release|Any CPU.ActiveCfg = Release|Any CPU
		{BC9B0A3C-E117-438D-9EE6-DDAA62314654}.Release|Any CPU.Build.0 = Release|Any CPU
		{BC9B0A3C-E117-438D-9EE6-DDAA62314654}.Release|Mixed Platforms.ActiveCfg = Release|Any CPU
		{BC9B0A3C-E117-438D-9EE6-DDAA62314654}.Release|Mixed Platforms.Build.0 = Release|Any CPU
		{BC9B0A3C-E117-438D-9EE6-DDAA62314654}.Release|Win32.ActiveCfg = Release|Any CPU
		{4EF92951-10E5-4F63-91BD-E69C53EBC42F}.Debug|Any CPU.ActiveCfg = Debug|Any CPU
		{4EF92951-10E5-4F63-91BD-E69C53EBC42F}.Debug|Any CPU.Build.0 = Debug|Any CPU
		{4EF92951-10E5-4F63-91BD-E69C53EBC42F}.Debug|Mixed Platforms.ActiveCfg = Debug|Any CPU
		{4EF92951-10E5-4F63-91BD-E69C53EBC42F}.Debug|Mixed Platforms.Build.0 = Debug|Any CPU
		{4EF92951-10E5-4F63-91BD-E69C53EBC42F}.Debug|Win32.ActiveCfg = Debug|Any CPU
		{4EF92951-10E5-4F63-91BD-E69C53EBC42F}.Release|Any CPU.ActiveCfg = Release|Any CPU
		{4EF92951-10E5-4F63-91BD-E69C53EBC42F}.Release|Any CPU.Build.0 = Release|Any CPU
		{4EF92951-10E5-4F63-91BD-E69C53EBC42F}.Release|Mixed Platforms.ActiveCfg = Release|Any CPU
		{4EF92951-10E5-4F63-91BD-E69C53EBC42F}.Release|Mixed Platforms.Build.0 = Release|Any CPU
		{4EF92951-10E5-4F63-91BD-E69C53EBC42F}.Release|Win32.ActiveCfg = Release|Any CPU
		{FDE745F3-79B4-4F9C-829B-B6AE388EF24E}.Debug|Any CPU.ActiveCfg = Debug|Any CPU
		{FDE745F3-79B4-4F9C-829B-B6AE388EF24E}.Debug|Any CPU.Build.0 = Debug|Any CPU
		{FDE745F3-79B4-4F9C-829B-B6AE388EF24E}.Debug|Mixed Platforms.ActiveCfg = Debug|Any CPU
		{FDE745F3-79B4-4F9C-829B-B6AE388EF24E}.Debug|Mixed Platforms.Build.0 = Debug|Any CPU
		{FDE745F3-79B4-4F9C-829B-B6AE388EF24E}.Debug|Win32.ActiveCfg = Debug|Any CPU
		{FDE745F3-79B4-4F9C-829B-B6AE388EF24E}.Release|Any CPU.ActiveCfg = Release|Any CPU
		{FDE745F3-79B4-4F9C-829B-B6AE388EF24E}.Release|Any CPU.Build.0 = Release|Any CPU
		{FDE745F3-79B4-4F9C-829B-B6AE388EF24E}.Release|Mixed Platforms.ActiveCfg = Release|Any CPU
		{FDE745F3-79B4-4F9C-829B-B6AE388EF24E}.Release|Mixed Platforms.Build.0 = Release|Any CPU
		{FDE745F3-79B4-4F9C-829B-B6AE388EF24E}.Release|Win32.ActiveCfg = Release|Any CPU
		{08950175-F6A0-4758-992F-56E85D77ACE8}.Debug|Any CPU.ActiveCfg = Debug|Any CPU
		{08950175-F6A0-4758-992F-56E85D77ACE8}.Debug|Any CPU.Build.0 = Debug|Any CPU
		{08950175-F6A0-4758-992F-56E85D77ACE8}.Debug|Mixed Platforms.ActiveCfg = Debug|Any CPU
		{08950175-F6A0-4758-992F-56E85D77ACE8}.Debug|Mixed Platforms.Build.0 = Debug|Any CPU
		{08950175-F6A0-4758-992F-56E85D77ACE8}.Debug|Win32.ActiveCfg = Debug|Any CPU
		{08950175-F6A0-4758-992F-56E85D77ACE8}.Release|Any CPU.ActiveCfg = Release|Any CPU
		{08950175-F6A0-4758-992F-56E85D77ACE8}.Release|Any CPU.Build.0 = Release|Any CPU
		{08950175-F6A0-4758-992F-56E85D77ACE8}.Release|Mixed Platforms.ActiveCfg = Release|Any CPU
		{08950175-F6A0-4758-992F-56E85D77ACE8}.Release|Mixed Platforms.Build.0 = Release|Any CPU
		{08950175-F6A0-4758-992F-56E85D77ACE8}.Release|Win32.ActiveCfg = Release|Any CPU
		{5B02325A-0066-4E41-AE0A-F97863E66305}.Debug|Any CPU.ActiveCfg = Debug|Any CPU
		{5B02325A-0066-4E41-AE0A-F97863E66305}.Debug|Any CPU.Build.0 = Debug|Any CPU
		{5B02325A-0066-4E41-AE0A-F97863E66305}.Debug|Mixed Platforms.ActiveCfg = Debug|Any CPU
		{5B02325A-0066-4E41-AE0A-F97863E66305}.Debug|Mixed Platforms.Build.0 = Debug|Any CPU
		{5B02325A-0066-4E41-AE0A-F97863E66305}.Debug|Win32.ActiveCfg = Debug|Any CPU
		{5B02325A-0066-4E41-AE0A-F97863E66305}.Release|Any CPU.ActiveCfg = Release|Any CPU
		{5B02325A-0066-4E41-AE0A-F97863E66305}.Release|Any CPU.Build.0 = Release|Any CPU
		{5B02325A-0066-4E41-AE0A-F97863E66305}.Release|Mixed Platforms.ActiveCfg = Release|Any CPU
		{5B02325A-0066-4E41-AE0A-F97863E66305}.Release|Mixed Platforms.Build.0 = Release|Any CPU
		{5B02325A-0066-4E41-AE0A-F97863E66305}.Release|Win32.ActiveCfg = Release|Any CPU
		{A096AA76-6ACF-4117-80E1-B7ABAF11ED26}.Debug|Any CPU.ActiveCfg = Debug|Any CPU
		{A096AA76-6ACF-4117-80E1-B7ABAF11ED26}.Debug|Any CPU.Build.0 = Debug|Any CPU
		{A096AA76-6ACF-4117-80E1-B7ABAF11ED26}.Debug|Mixed Platforms.ActiveCfg = Debug|Any CPU
		{A096AA76-6ACF-4117-80E1-B7ABAF11ED26}.Debug|Mixed Platforms.Build.0 = Debug|Any CPU
		{A096AA76-6ACF-4117-80E1-B7ABAF11ED26}.Debug|Win32.ActiveCfg = Debug|Any CPU
		{A096AA76-6ACF-4117-80E1-B7ABAF11ED26}.Release|Any CPU.ActiveCfg = Release|Any CPU
		{A096AA76-6ACF-4117-80E1-B7ABAF11ED26}.Release|Any CPU.Build.0 = Release|Any CPU
		{A096AA76-6ACF-4117-80E1-B7ABAF11ED26}.Release|Mixed Platforms.ActiveCfg = Release|Any CPU
		{A096AA76-6ACF-4117-80E1-B7ABAF11ED26}.Release|Mixed Platforms.Build.0 = Release|Any CPU
		{A096AA76-6ACF-4117-80E1-B7ABAF11ED26}.Release|Win32.ActiveCfg = Release|Any CPU
		{31AAFF1D-9408-4785-8E7F-B4EA1D6922F8}.Debug|Any CPU.ActiveCfg = Debug|Any CPU
		{31AAFF1D-9408-4785-8E7F-B4EA1D6922F8}.Debug|Any CPU.Build.0 = Debug|Any CPU
		{31AAFF1D-9408-4785-8E7F-B4EA1D6922F8}.Debug|Mixed Platforms.ActiveCfg = Debug|Any CPU
		{31AAFF1D-9408-4785-8E7F-B4EA1D6922F8}.Debug|Mixed Platforms.Build.0 = Debug|Any CPU
		{31AAFF1D-9408-4785-8E7F-B4EA1D6922F8}.Debug|Win32.ActiveCfg = Debug|Any CPU
		{31AAFF1D-9408-4785-8E7F-B4EA1D6922F8}.Release|Any CPU.ActiveCfg = Release|Any CPU
		{31AAFF1D-9408-4785-8E7F-B4EA1D6922F8}.Release|Any CPU.Build.0 = Release|Any CPU
		{31AAFF1D-9408-4785-8E7F-B4EA1D6922F8}.Release|Mixed Platforms.ActiveCfg = Release|Any CPU
		{31AAFF1D-9408-4785-8E7F-B4EA1D6922F8}.Release|Mixed Platforms.Build.0 = Release|Any CPU
		{31AAFF1D-9408-4785-8E7F-B4EA1D6922F8}.Release|Win32.ActiveCfg = Release|Any CPU
		{51998D95-C45C-4420-9FE5-D1DCA4F13C3D}.Debug|Any CPU.ActiveCfg = Debug|Any CPU
		{51998D95-C45C-4420-9FE5-D1DCA4F13C3D}.Debug|Any CPU.Build.0 = Debug|Any CPU
		{51998D95-C45C-4420-9FE5-D1DCA4F13C3D}.Debug|Mixed Platforms.ActiveCfg = Debug|Any CPU
		{51998D95-C45C-4420-9FE5-D1DCA4F13C3D}.Debug|Mixed Platforms.Build.0 = Debug|Any CPU
		{51998D95-C45C-4420-9FE5-D1DCA4F13C3D}.Debug|Win32.ActiveCfg = Debug|Any CPU
		{51998D95-C45C-4420-9FE5-D1DCA4F13C3D}.Release|Any CPU.ActiveCfg = Release|Any CPU
		{51998D95-C45C-4420-9FE5-D1DCA4F13C3D}.Release|Any CPU.Build.0 = Release|Any CPU
		{51998D95-C45C-4420-9FE5-D1DCA4F13C3D}.Release|Mixed Platforms.ActiveCfg = Release|Any CPU
		{51998D95-C45C-4420-9FE5-D1DCA4F13C3D}.Release|Mixed Platforms.Build.0 = Release|Any CPU
		{51998D95-C45C-4420-9FE5-D1DCA4F13C3D}.Release|Win32.ActiveCfg = Release|Any CPU
		{7383169B-C479-4031-908B-905C9AD5E35C}.Debug|Any CPU.ActiveCfg = Debug|Any CPU
		{7383169B-C479-4031-908B-905C9AD5E35C}.Debug|Any CPU.Build.0 = Debug|Any CPU
		{7383169B-C479-4031-908B-905C9AD5E35C}.Debug|Mixed Platforms.ActiveCfg = Debug|Any CPU
		{7383169B-C479-4031-908B-905C9AD5E35C}.Debug|Mixed Platforms.Build.0 = Debug|Any CPU
		{7383169B-C479-4031-908B-905C9AD5E35C}.Debug|Win32.ActiveCfg = Debug|Any CPU
		{7383169B-C479-4031-908B-905C9AD5E35C}.Release|Any CPU.ActiveCfg = Release|Any CPU
		{7383169B-C479-4031-908B-905C9AD5E35C}.Release|Any CPU.Build.0 = Release|Any CPU
		{7383169B-C479-4031-908B-905C9AD5E35C}.Release|Mixed Platforms.ActiveCfg = Release|Any CPU
		{7383169B-C479-4031-908B-905C9AD5E35C}.Release|Mixed Platforms.Build.0 = Release|Any CPU
		{7383169B-C479-4031-908B-905C9AD5E35C}.Release|Win32.ActiveCfg = Release|Any CPU
		{BFA19DD8-2623-422A-90FD-DB1FA68558C6}.Debug|Any CPU.ActiveCfg = Debug|Any CPU
		{BFA19DD8-2623-422A-90FD-DB1FA68558C6}.Debug|Any CPU.Build.0 = Debug|Any CPU
		{BFA19DD8-2623-422A-90FD-DB1FA68558C6}.Debug|Mixed Platforms.ActiveCfg = Debug|Any CPU
		{BFA19DD8-2623-422A-90FD-DB1FA68558C6}.Debug|Mixed Platforms.Build.0 = Debug|Any CPU
		{BFA19DD8-2623-422A-90FD-DB1FA68558C6}.Debug|Win32.ActiveCfg = Debug|Any CPU
		{BFA19DD8-2623-422A-90FD-DB1FA68558C6}.Release|Any CPU.ActiveCfg = Release|Any CPU
		{BFA19DD8-2623-422A-90FD-DB1FA68558C6}.Release|Any CPU.Build.0 = Release|Any CPU
		{BFA19DD8-2623-422A-90FD-DB1FA68558C6}.Release|Mixed Platforms.ActiveCfg = Release|Any CPU
		{BFA19DD8-2623-422A-90FD-DB1FA68558C6}.Release|Mixed Platforms.Build.0 = Release|Any CPU
		{BFA19DD8-2623-422A-90FD-DB1FA68558C6}.Release|Win32.ActiveCfg = Release|Any CPU
		{9FE27532-C45A-466B-9B1C-607D5BC11CDF}.Debug|Any CPU.ActiveCfg = Debug|Any CPU
		{9FE27532-C45A-466B-9B1C-607D5BC11CDF}.Debug|Any CPU.Build.0 = Debug|Any CPU
		{9FE27532-C45A-466B-9B1C-607D5BC11CDF}.Debug|Mixed Platforms.ActiveCfg = Debug|Any CPU
		{9FE27532-C45A-466B-9B1C-607D5BC11CDF}.Debug|Mixed Platforms.Build.0 = Debug|Any CPU
		{9FE27532-C45A-466B-9B1C-607D5BC11CDF}.Debug|Win32.ActiveCfg = Debug|Any CPU
		{9FE27532-C45A-466B-9B1C-607D5BC11CDF}.Release|Any CPU.ActiveCfg = Release|Any CPU
		{9FE27532-C45A-466B-9B1C-607D5BC11CDF}.Release|Any CPU.Build.0 = Release|Any CPU
		{9FE27532-C45A-466B-9B1C-607D5BC11CDF}.Release|Mixed Platforms.ActiveCfg = Release|Any CPU
		{9FE27532-C45A-466B-9B1C-607D5BC11CDF}.Release|Mixed Platforms.Build.0 = Release|Any CPU
		{9FE27532-C45A-466B-9B1C-607D5BC11CDF}.Release|Win32.ActiveCfg = Release|Any CPU
		{1FCAB446-D1E7-4ECB-972B-F7A476A668F2}.Debug|Any CPU.ActiveCfg = Debug|Any CPU
		{1FCAB446-D1E7-4ECB-972B-F7A476A668F2}.Debug|Any CPU.Build.0 = Debug|Any CPU
		{1FCAB446-D1E7-4ECB-972B-F7A476A668F2}.Debug|Mixed Platforms.ActiveCfg = Debug|Any CPU
		{1FCAB446-D1E7-4ECB-972B-F7A476A668F2}.Debug|Mixed Platforms.Build.0 = Debug|Any CPU
		{1FCAB446-D1E7-4ECB-972B-F7A476A668F2}.Debug|Win32.ActiveCfg = Debug|Any CPU
		{1FCAB446-D1E7-4ECB-972B-F7A476A668F2}.Release|Any CPU.ActiveCfg = Release|Any CPU
		{1FCAB446-D1E7-4ECB-972B-F7A476A668F2}.Release|Any CPU.Build.0 = Release|Any CPU
		{1FCAB446-D1E7-4ECB-972B-F7A476A668F2}.Release|Mixed Platforms.ActiveCfg = Release|Any CPU
		{1FCAB446-D1E7-4ECB-972B-F7A476A668F2}.Release|Mixed Platforms.Build.0 = Release|Any CPU
		{1FCAB446-D1E7-4ECB-972B-F7A476A668F2}.Release|Win32.ActiveCfg = Release|Any CPU
		{EFB632AA-1E89-4CD6-B9F0-2BF096EB34A7}.Debug|Any CPU.ActiveCfg = Debug|Any CPU
		{EFB632AA-1E89-4CD6-B9F0-2BF096EB34A7}.Debug|Any CPU.Build.0 = Debug|Any CPU
		{EFB632AA-1E89-4CD6-B9F0-2BF096EB34A7}.Debug|Mixed Platforms.ActiveCfg = Debug|Any CPU
		{EFB632AA-1E89-4CD6-B9F0-2BF096EB34A7}.Debug|Mixed Platforms.Build.0 = Debug|Any CPU
		{EFB632AA-1E89-4CD6-B9F0-2BF096EB34A7}.Debug|Win32.ActiveCfg = Debug|Any CPU
		{EFB632AA-1E89-4CD6-B9F0-2BF096EB34A7}.Release|Any CPU.ActiveCfg = Release|Any CPU
		{EFB632AA-1E89-4CD6-B9F0-2BF096EB34A7}.Release|Any CPU.Build.0 = Release|Any CPU
		{EFB632AA-1E89-4CD6-B9F0-2BF096EB34A7}.Release|Mixed Platforms.ActiveCfg = Release|Any CPU
		{EFB632AA-1E89-4CD6-B9F0-2BF096EB34A7}.Release|Mixed Platforms.Build.0 = Release|Any CPU
		{EFB632AA-1E89-4CD6-B9F0-2BF096EB34A7}.Release|Win32.ActiveCfg = Release|Any CPU
		{A5768271-B18C-44D1-80F2-786575A29F3E}.Debug|Any CPU.ActiveCfg = Debug|Any CPU
		{A5768271-B18C-44D1-80F2-786575A29F3E}.Debug|Any CPU.Build.0 = Debug|Any CPU
		{A5768271-B18C-44D1-80F2-786575A29F3E}.Debug|Mixed Platforms.ActiveCfg = Debug|Any CPU
		{A5768271-B18C-44D1-80F2-786575A29F3E}.Debug|Mixed Platforms.Build.0 = Debug|Any CPU
		{A5768271-B18C-44D1-80F2-786575A29F3E}.Debug|Win32.ActiveCfg = Debug|Any CPU
		{A5768271-B18C-44D1-80F2-786575A29F3E}.Release|Any CPU.ActiveCfg = Release|Any CPU
		{A5768271-B18C-44D1-80F2-786575A29F3E}.Release|Any CPU.Build.0 = Release|Any CPU
		{A5768271-B18C-44D1-80F2-786575A29F3E}.Release|Mixed Platforms.ActiveCfg = Release|Any CPU
		{A5768271-B18C-44D1-80F2-786575A29F3E}.Release|Mixed Platforms.Build.0 = Release|Any CPU
		{A5768271-B18C-44D1-80F2-786575A29F3E}.Release|Win32.ActiveCfg = Release|Any CPU
		{3EC3AC91-FD99-4222-88A3-A5398B0BA33E}.Debug|Any CPU.ActiveCfg = Debug|Any CPU
		{3EC3AC91-FD99-4222-88A3-A5398B0BA33E}.Debug|Any CPU.Build.0 = Debug|Any CPU
		{3EC3AC91-FD99-4222-88A3-A5398B0BA33E}.Debug|Mixed Platforms.ActiveCfg = Debug|Any CPU
		{3EC3AC91-FD99-4222-88A3-A5398B0BA33E}.Debug|Mixed Platforms.Build.0 = Debug|Any CPU
		{3EC3AC91-FD99-4222-88A3-A5398B0BA33E}.Debug|Win32.ActiveCfg = Debug|Any CPU
		{3EC3AC91-FD99-4222-88A3-A5398B0BA33E}.Release|Any CPU.ActiveCfg = Release|Any CPU
		{3EC3AC91-FD99-4222-88A3-A5398B0BA33E}.Release|Any CPU.Build.0 = Release|Any CPU
		{3EC3AC91-FD99-4222-88A3-A5398B0BA33E}.Release|Mixed Platforms.ActiveCfg = Release|Any CPU
		{3EC3AC91-FD99-4222-88A3-A5398B0BA33E}.Release|Mixed Platforms.Build.0 = Release|Any CPU
		{3EC3AC91-FD99-4222-88A3-A5398B0BA33E}.Release|Win32.ActiveCfg = Release|Any CPU
	EndGlobalSection
	GlobalSection(SolutionProperties) = preSolution
		HideSolutionNode = FALSE
	EndGlobalSection
EndGlobal
