<?xml version="1.0" encoding="utf-8"?>
<Project ToolsVersion="4.0" xmlns="http://schemas.microsoft.com/developer/msbuild/2003">
  <ItemGroup>
    <Filter Include="Source Files">
      <UniqueIdentifier>{e7a5d2d6-2d37-431c-98f3-cb8d38eb72c1}</UniqueIdentifier>
      <Extensions>cpp;c;cxx;rc;def;r;odl;idl;hpj;bat</Extensions>
    </Filter>
    <Filter Include="Header Files">
      <UniqueIdentifier>{552e5ddf-2216-427f-b110-76b046b9fbf9}</UniqueIdentifier>
      <Extensions>h;hpp;hxx;hm;inl</Extensions>
    </Filter>
    <Filter Include="Resource Files">
      <UniqueIdentifier>{45dfd25c-a088-43e8-b6db-37d7c0596bbb}</UniqueIdentifier>
      <Extensions>ico;cur;bmp;dlg;rc2;rct;bin;rgs;gif;jpg;jpeg;jpe</Extensions>
    </Filter>
  </ItemGroup>
  <ItemGroup>
    <ClCompile Include="Core.c">
      <Filter>Source Files</Filter>
    </ClCompile>
  </ItemGroup>
  <ItemGroup>
    <None Include="Core.def">
      <Filter>Source Files</Filter>
    </None>
  </ItemGroup>
  <ItemGroup>
    <ClInclude Include="inc\acclnt.h">
      <Filter>Header Files</Filter>
    </ClInclude>
    <ClInclude Include="inc\acexport.h">
      <Filter>Header Files</Filter>
    </ClInclude>
    <ClInclude Include="inc\sd_types.h">
      <Filter>Header Files</Filter>
    </ClInclude>
    <ClInclude Include="inc\sdacmvls.h">
      <Filter>Header Files</Filter>
    </ClInclude>
    <ClInclude Include="inc\sdi_athd.h">
      <Filter>Header Files</Filter>
    </ClInclude>
    <ClInclude Include="inc\sdi_defs.h">
      <Filter>Header Files</Filter>
    </ClInclude>
    <ClInclude Include="inc\sdi_size.h">
      <Filter>Header Files</Filter>
    </ClInclude>
    <ClInclude Include="inc\sdi_type.h">
      <Filter>Header Files</Filter>
    </ClInclude>
    <ClInclude Include="inc\status_display.h">
      <Filter>Header Files</Filter>
    </ClInclude>
  </ItemGroup>
  <ItemGroup>
    <Library Include="lib\aceclnt.lib" />
  </ItemGroup>
</Project>