
Microsoft Visual Studio Solution File, Format Version 12.00
# Visual Studio 2013
VisualStudioVersion = 12.0.40629.0
MinimumVisualStudioVersion = 10.0.40219.1
Project("{00D1A9C2-B5F0-4AF3-8072-F6C62B433612}") = "EHS2015_DB", "EHS2015_DB.sqlproj", "{4D7F886B-84B5-4313-9F5D-80910B9542BF}"
EndProject
Global
	GlobalSection(SolutionConfigurationPlatforms) = preSolution
		Debug|Any CPU = Debug|Any CPU
		Release|Any CPU = Release|Any CPU
	EndGlobalSection
	GlobalSection(ProjectConfigurationPlatforms) = postSolution
		{4D7F886B-84B5-4313-9F5D-80910B9542BF}.Debug|Any CPU.ActiveCfg = Debug|Any CPU
		{4D7F886B-84B5-4313-9F5D-80910B9542BF}.Debug|Any CPU.Build.0 = Debug|Any CPU
		{4D7F886B-84B5-4313-9F5D-80910B9542BF}.Debug|Any CPU.Deploy.0 = Debug|Any CPU
		{4D7F886B-84B5-4313-9F5D-80910B9542BF}.Release|Any CPU.ActiveCfg = Release|Any CPU
		{4D7F886B-84B5-4313-9F5D-80910B9542BF}.Release|Any CPU.Build.0 = Release|Any CPU
		{4D7F886B-84B5-4313-9F5D-80910B9542BF}.Release|Any CPU.Deploy.0 = Release|Any CPU
	EndGlobalSection
	GlobalSection(SolutionProperties) = preSolution
		HideSolutionNode = FALSE
	EndGlobalSection
EndGlobal
